<Solution>
  <Folder Name="/Day01-CSharp-Memory/" />
  <Folder Name="/Day01-CSharp-Memory/src/">
    <Project Path="Day01-CSharp-Memory/src/Day01.MemoryLab/Day01.MemoryLab.csproj" />
  </Folder>
  <Folder Name="/Day01-CSharp-Memory/tests/">
    <Project Path="Day01-CSharp-Memory/tests/Day01.MemoryLab.Tests/Day01.MemoryLab.Tests.csproj" />
  </Folder>
  <Folder Name="/Day02-RefStruct-Memory/" />
  <Folder Name="/Day02-RefStruct-Memory/src/">
    <Project Path="Day02-RefStruct-Memory/src/Day02.RefStructMemory/Day02.RefStructMemory.csproj" />
  </Folder>
  <Folder Name="/Day02-RefStruct-Memory/tests/">
    <Project Path="Day02-RefStruct-Memory/tests/Day02.RefStructMemory.Tests/Day02.RefStructMemory.Tests.csproj" />
  </Folder>
  <Folder Name="/Day03-Async-Await/" />
  <Folder Name="/Day03-Async-Await/src/">
    <Project Path="Day03-Async-Await/src/Day03.AsyncStateMachine/Day03.AsyncStateMachine.csproj" />
  </Folder>
  <Folder Name="/Day03-Async-Await/tests/">
    <Project Path="Day03-Async-Await/tests/Day03.AsyncStateMachine.Tests/Day03.AsyncStateMachine.Tests.csproj" />
  </Folder>
</Solution>
