
Microsoft Visual Studio Solution File, Format Version 12.00
# Visual Studio Version 17
VisualStudioVersion = 17.0.31903.59
MinimumVisualStudioVersion = 10.0.40219.1
Project("{2150E333-8FDC-42A3-9474-1A3956D46DE8}") = "Day01-CSharp-Memory", "Day01-CSharp-Memory", "{2DBF0863-E36C-BE8B-CDB4-B3B48F1BCDB9}"
EndProject
Project("{2150E333-8FDC-42A3-9474-1A3956D46DE8}") = "src", "src", "{E0A250DE-A99C-56CD-9C1C-D3D9C93A55B1}"
EndProject
Project("{FAE04EC0-301F-11D3-BF4B-00C04F79EFBC}") = "Day01.MemoryLab", "Day01-CSharp-Memory\src\Day01.MemoryLab\Day01.MemoryLab.csproj", "{C0BD12E2-BF3C-4D7D-A604-E998C6578454}"
EndProject
Project("{2150E333-8FDC-42A3-9474-1A3956D46DE8}") = "tests", "tests", "{8F5760D8-B031-E037-2C72-35D4A78959A1}"
EndProject
Project("{FAE04EC0-301F-11D3-BF4B-00C04F79EFBC}") = "Day01.MemoryLab.Tests", "Day01-CSharp-Memory\tests\Day01.MemoryLab.Tests\Day01.MemoryLab.Tests.csproj", "{DB9721EE-4895-47FA-8DF2-B903BA9F2448}"
EndProject
Project("{2150E333-8FDC-42A3-9474-1A3956D46DE8}") = "Day02-RefStruct-Memory", "Day02-RefStruct-Memory", "{FF5B9530-63B5-86EF-4321-C9426B946D02}"
EndProject
Project("{2150E333-8FDC-42A3-9474-1A3956D46DE8}") = "src", "src", "{E7B3CC45-BFDF-96EB-3D4E-359831DD237F}"
EndProject
Project("{FAE04EC0-301F-11D3-BF4B-00C04F79EFBC}") = "Day02.RefStructMemory", "Day02-RefStruct-Memory\src\Day02.RefStructMemory\Day02.RefStructMemory.csproj", "{4B7D9607-1637-4F25-B7D8-C5DC2A53C379}"
EndProject
Project("{2150E333-8FDC-42A3-9474-1A3956D46DE8}") = "tests", "tests", "{22F65941-796B-D453-DA2E-161FFBE646D3}"
EndProject
Project("{FAE04EC0-301F-11D3-BF4B-00C04F79EFBC}") = "Day02.RefStructMemory.Tests", "Day02-RefStruct-Memory\tests\Day02.RefStructMemory.Tests\Day02.RefStructMemory.Tests.csproj", "{344B10E6-0AA3-4FC7-9159-22F48EDABC88}"
EndProject
Project("{2150E333-8FDC-42A3-9474-1A3956D46DE8}") = "Day03-Async-Await", "Day03-Async-Await", "{D66CDC98-7E23-A367-B4C4-1010061B5503}"
EndProject
Project("{2150E333-8FDC-42A3-9474-1A3956D46DE8}") = "src", "src", "{4BF4FCCA-ECE4-49C5-0DD0-6EB8D9296659}"
EndProject
Project("{FAE04EC0-301F-11D3-BF4B-00C04F79EFBC}") = "Day03.AsyncStateMachine", "Day03-Async-Await\src\Day03.AsyncStateMachine\Day03.AsyncStateMachine.csproj", "{15EACAA6-B015-44F1-9495-101BE79E7C1C}"
EndProject
Project("{2150E333-8FDC-42A3-9474-1A3956D46DE8}") = "tests", "tests", "{0A251FE5-B3B4-DD64-CB19-E34D2CD6C30B}"
EndProject
Project("{FAE04EC0-301F-11D3-BF4B-00C04F79EFBC}") = "Day03.AsyncStateMachine.Tests", "Day03-Async-Await\tests\Day03.AsyncStateMachine.Tests\Day03.AsyncStateMachine.Tests.csproj", "{AFAFEF88-E364-4654-820D-C75C38CFE284}"
EndProject
Project("{2150E333-8FDC-42A3-9474-1A3956D46DE8}") = "Day04-Garbage-Collection", "Day04-Garbage-Collection", "{01B2D543-819E-CBBE-C12E-45A96F8621CC}"
EndProject
Project("{2150E333-8FDC-42A3-9474-1A3956D46DE8}") = "src", "src", "{BD0931E0-985E-A5AB-F3C6-042D229ED1A2}"
EndProject
Project("{FAE04EC0-301F-11D3-BF4B-00C04F79EFBC}") = "Day04.GarbageCollection", "Day04-Garbage-Collection\src\Day04.GarbageCollection\Day04.GarbageCollection.csproj", "{97FE433D-E529-4B8A-A20E-C1679061D567}"
EndProject
Project("{2150E333-8FDC-42A3-9474-1A3956D46DE8}") = "tests", "tests", "{12002B66-6DE3-C93C-E4EF-1D87B24AFB76}"
EndProject
Project("{FAE04EC0-301F-11D3-BF4B-00C04F79EFBC}") = "Day04.GarbageCollection.Tests", "Day04-Garbage-Collection\tests\Day04.GarbageCollection.Tests\Day04.GarbageCollection.Tests.csproj", "{E5683171-7CC4-440B-8E74-005BB1C00BDA}"
EndProject
Project("{2150E333-8FDC-42A3-9474-1A3956D46DE8}") = "Day05-Middleware-Kestrel", "Day05-Middleware-Kestrel", "{374ECBD9-BFF7-2329-FD71-79327E38DD3C}"
EndProject
Project("{2150E333-8FDC-42A3-9474-1A3956D46DE8}") = "src", "src", "{451F05DE-2E27-0D85-3098-BEE0B990B93F}"
EndProject
Project("{FAE04EC0-301F-11D3-BF4B-00C04F79EFBC}") = "Day05.MiddlewareApi", "Day05-Middleware-Kestrel\src\Day05.MiddlewareApi\Day05.MiddlewareApi.csproj", "{16DDF914-27E6-4AD2-A11C-94F297E45D5A}"
EndProject
Project("{2150E333-8FDC-42A3-9474-1A3956D46DE8}") = "tests", "tests", "{C65E0021-8D88-D943-8884-A30E6EA51D91}"
EndProject
Project("{FAE04EC0-301F-11D3-BF4B-00C04F79EFBC}") = "Day05.MiddlewareApi.Tests", "Day05-Middleware-Kestrel\tests\Day05.MiddlewareApi.Tests\Day05.MiddlewareApi.Tests.csproj", "{ACBE355D-9F78-46D9-BFF7-AE2F116D6F5D}"
EndProject
Project("{2150E333-8FDC-42A3-9474-1A3956D46DE8}") = "Day06-Dependency-Injection", "Day06-Dependency-Injection", "{E4B81288-DF90-7977-8EA0-B64E2EDAF8D9}"
EndProject
Project("{2150E333-8FDC-42A3-9474-1A3956D46DE8}") = "src", "src", "{741893F8-50B8-052B-1754-CD5DE3715617}"
EndProject
Project("{FAE04EC0-301F-11D3-BF4B-00C04F79EFBC}") = "Day06.DependencyInjection", "Day06-Dependency-Injection\src\Day06.DependencyInjection\Day06.DependencyInjection.csproj", "{F47DD84F-03D5-4124-A86D-9D20F4FA74B3}"
EndProject
Project("{2150E333-8FDC-42A3-9474-1A3956D46DE8}") = "tests", "tests", "{FC86D020-DC35-1FEE-85D0-D2E86DB925BD}"
EndProject
Project("{FAE04EC0-301F-11D3-BF4B-00C04F79EFBC}") = "Day06.DependencyInjection.Tests", "Day06-Dependency-Injection\tests\Day06.DependencyInjection.Tests\Day06.DependencyInjection.Tests.csproj", "{01C86B6F-840E-415C-8D2A-398BDA5F0F09}"
EndProject
Project("{2150E333-8FDC-42A3-9474-1A3956D46DE8}") = "Day07-Minimal-APIs", "Day07-Minimal-APIs", "{584D4B41-F610-10C8-8CEF-FCA11C0444F8}"
EndProject
Project("{2150E333-8FDC-42A3-9474-1A3956D46DE8}") = "src", "src", "{4AFEB3E0-707A-0431-E857-E6DE4D258204}"
EndProject
Project("{FAE04EC0-301F-11D3-BF4B-00C04F79EFBC}") = "Day07.MinimalApi", "Day07-Minimal-APIs\src\Day07.MinimalApi\Day07.MinimalApi.csproj", "{6F7B3E6F-390F-4A6A-A943-5E7520BBE2A7}"
EndProject
Project("{2150E333-8FDC-42A3-9474-1A3956D46DE8}") = "tests", "tests", "{B1258938-7151-0FAB-C38C-7023778166AD}"
EndProject
Project("{FAE04EC0-301F-11D3-BF4B-00C04F79EFBC}") = "Day07.MinimalApi.Tests", "Day07-Minimal-APIs\tests\Day07.MinimalApi.Tests\Day07.MinimalApi.Tests.csproj", "{48B05FFA-90DA-4CFA-BFBF-CBAA386BA9FE}"
EndProject
Project("{2150E333-8FDC-42A3-9474-1A3956D46DE8}") = "Day08-SQL-Indexes", "Day08-SQL-Indexes", "{B2130A19-34DF-9F87-79FD-B787B321CFF4}"
EndProject
Project("{2150E333-8FDC-42A3-9474-1A3956D46DE8}") = "src", "src", "{FEBE2442-D0BA-AA21-7CA3-86C926250B44}"
EndProject
Project("{FAE04EC0-301F-11D3-BF4B-00C04F79EFBC}") = "Day08.SqlIndexes", "Day08-SQL-Indexes\src\Day08.SqlIndexes\Day08.SqlIndexes.csproj", "{C5D5F6E8-1FAE-4146-925D-D9DE71511EF1}"
EndProject
Project("{2150E333-8FDC-42A3-9474-1A3956D46DE8}") = "tests", "tests", "{02D21BC7-9A67-5495-5BE2-F927121ADE20}"
EndProject
Project("{FAE04EC0-301F-11D3-BF4B-00C04F79EFBC}") = "Day08.SqlIndexes.Tests", "Day08-SQL-Indexes\tests\Day08.SqlIndexes.Tests\Day08.SqlIndexes.Tests.csproj", "{5B84111F-D5ED-4DF8-8943-DFA48ADE85C0}"
EndProject
Global
	GlobalSection(SolutionConfigurationPlatforms) = preSolution
		Debug|Any CPU = Debug|Any CPU
		Debug|x64 = Debug|x64
		Debug|x86 = Debug|x86
		Release|Any CPU = Release|Any CPU
		Release|x64 = Release|x64
		Release|x86 = Release|x86
	EndGlobalSection
	GlobalSection(ProjectConfigurationPlatforms) = postSolution
		{C0BD12E2-BF3C-4D7D-A604-E998C6578454}.Debug|Any CPU.ActiveCfg = Debug|Any CPU
		{C0BD12E2-BF3C-4D7D-A604-E998C6578454}.Debug|Any CPU.Build.0 = Debug|Any CPU
		{C0BD12E2-BF3C-4D7D-A604-E998C6578454}.Debug|x64.ActiveCfg = Debug|Any CPU
		{C0BD12E2-BF3C-4D7D-A604-E998C6578454}.Debug|x64.Build.0 = Debug|Any CPU
		{C0BD12E2-BF3C-4D7D-A604-E998C6578454}.Debug|x86.ActiveCfg = Debug|Any CPU
		{C0BD12E2-BF3C-4D7D-A604-E998C6578454}.Debug|x86.Build.0 = Debug|Any CPU
		{C0BD12E2-BF3C-4D7D-A604-E998C6578454}.Release|Any CPU.ActiveCfg = Release|Any CPU
		{C0BD12E2-BF3C-4D7D-A604-E998C6578454}.Release|Any CPU.Build.0 = Release|Any CPU
		{C0BD12E2-BF3C-4D7D-A604-E998C6578454}.Release|x64.ActiveCfg = Release|Any CPU
		{C0BD12E2-BF3C-4D7D-A604-E998C6578454}.Release|x64.Build.0 = Release|Any CPU
		{C0BD12E2-BF3C-4D7D-A604-E998C6578454}.Release|x86.ActiveCfg = Release|Any CPU
		{C0BD12E2-BF3C-4D7D-A604-E998C6578454}.Release|x86.Build.0 = Release|Any CPU
		{DB9721EE-4895-47FA-8DF2-B903BA9F2448}.Debug|Any CPU.ActiveCfg = Debug|Any CPU
		{DB9721EE-4895-47FA-8DF2-B903BA9F2448}.Debug|Any CPU.Build.0 = Debug|Any CPU
		{DB9721EE-4895-47FA-8DF2-B903BA9F2448}.Debug|x64.ActiveCfg = Debug|Any CPU
		{DB9721EE-4895-47FA-8DF2-B903BA9F2448}.Debug|x64.Build.0 = Debug|Any CPU
		{DB9721EE-4895-47FA-8DF2-B903BA9F2448}.Debug|x86.ActiveCfg = Debug|Any CPU
		{DB9721EE-4895-47FA-8DF2-B903BA9F2448}.Debug|x86.Build.0 = Debug|Any CPU
		{DB9721EE-4895-47FA-8DF2-B903BA9F2448}.Release|Any CPU.ActiveCfg = Release|Any CPU
		{DB9721EE-4895-47FA-8DF2-B903BA9F2448}.Release|Any CPU.Build.0 = Release|Any CPU
		{DB9721EE-4895-47FA-8DF2-B903BA9F2448}.Release|x64.ActiveCfg = Release|Any CPU
		{DB9721EE-4895-47FA-8DF2-B903BA9F2448}.Release|x64.Build.0 = Release|Any CPU
		{DB9721EE-4895-47FA-8DF2-B903BA9F2448}.Release|x86.ActiveCfg = Release|Any CPU
		{DB9721EE-4895-47FA-8DF2-B903BA9F2448}.Release|x86.Build.0 = Release|Any CPU
		{4B7D9607-1637-4F25-B7D8-C5DC2A53C379}.Debug|Any CPU.ActiveCfg = Debug|Any CPU
		{4B7D9607-1637-4F25-B7D8-C5DC2A53C379}.Debug|Any CPU.Build.0 = Debug|Any CPU
		{4B7D9607-1637-4F25-B7D8-C5DC2A53C379}.Debug|x64.ActiveCfg = Debug|Any CPU
		{4B7D9607-1637-4F25-B7D8-C5DC2A53C379}.Debug|x64.Build.0 = Debug|Any CPU
		{4B7D9607-1637-4F25-B7D8-C5DC2A53C379}.Debug|x86.ActiveCfg = Debug|Any CPU
		{4B7D9607-1637-4F25-B7D8-C5DC2A53C379}.Debug|x86.Build.0 = Debug|Any CPU
		{4B7D9607-1637-4F25-B7D8-C5DC2A53C379}.Release|Any CPU.ActiveCfg = Release|Any CPU
		{4B7D9607-1637-4F25-B7D8-C5DC2A53C379}.Release|Any CPU.Build.0 = Release|Any CPU
		{4B7D9607-1637-4F25-B7D8-C5DC2A53C379}.Release|x64.ActiveCfg = Release|Any CPU
		{4B7D9607-1637-4F25-B7D8-C5DC2A53C379}.Release|x64.Build.0 = Release|Any CPU
		{4B7D9607-1637-4F25-B7D8-C5DC2A53C379}.Release|x86.ActiveCfg = Release|Any CPU
		{4B7D9607-1637-4F25-B7D8-C5DC2A53C379}.Release|x86.Build.0 = Release|Any CPU
		{344B10E6-0AA3-4FC7-9159-22F48EDABC88}.Debug|Any CPU.ActiveCfg = Debug|Any CPU
		{344B10E6-0AA3-4FC7-9159-22F48EDABC88}.Debug|Any CPU.Build.0 = Debug|Any CPU
		{344B10E6-0AA3-4FC7-9159-22F48EDABC88}.Debug|x64.ActiveCfg = Debug|Any CPU
		{344B10E6-0AA3-4FC7-9159-22F48EDABC88}.Debug|x64.Build.0 = Debug|Any CPU
		{344B10E6-0AA3-4FC7-9159-22F48EDABC88}.Debug|x86.ActiveCfg = Debug|Any CPU
		{344B10E6-0AA3-4FC7-9159-22F48EDABC88}.Debug|x86.Build.0 = Debug|Any CPU
		{344B10E6-0AA3-4FC7-9159-22F48EDABC88}.Release|Any CPU.ActiveCfg = Release|Any CPU
		{344B10E6-0AA3-4FC7-9159-22F48EDABC88}.Release|Any CPU.Build.0 = Release|Any CPU
		{344B10E6-0AA3-4FC7-9159-22F48EDABC88}.Release|x64.ActiveCfg = Release|Any CPU
		{344B10E6-0AA3-4FC7-9159-22F48EDABC88}.Release|x64.Build.0 = Release|Any CPU
		{344B10E6-0AA3-4FC7-9159-22F48EDABC88}.Release|x86.ActiveCfg = Release|Any CPU
		{344B10E6-0AA3-4FC7-9159-22F48EDABC88}.Release|x86.Build.0 = Release|Any CPU
		{15EACAA6-B015-44F1-9495-101BE79E7C1C}.Debug|Any CPU.ActiveCfg = Debug|Any CPU
		{15EACAA6-B015-44F1-9495-101BE79E7C1C}.Debug|Any CPU.Build.0 = Debug|Any CPU
		{15EACAA6-B015-44F1-9495-101BE79E7C1C}.Debug|x64.ActiveCfg = Debug|Any CPU
		{15EACAA6-B015-44F1-9495-101BE79E7C1C}.Debug|x64.Build.0 = Debug|Any CPU
		{15EACAA6-B015-44F1-9495-101BE79E7C1C}.Debug|x86.ActiveCfg = Debug|Any CPU
		{15EACAA6-B015-44F1-9495-101BE79E7C1C}.Debug|x86.Build.0 = Debug|Any CPU
		{15EACAA6-B015-44F1-9495-101BE79E7C1C}.Release|Any CPU.ActiveCfg = Release|Any CPU
		{15EACAA6-B015-44F1-9495-101BE79E7C1C}.Release|Any CPU.Build.0 = Release|Any CPU
		{15EACAA6-B015-44F1-9495-101BE79E7C1C}.Release|x64.ActiveCfg = Release|Any CPU
		{15EACAA6-B015-44F1-9495-101BE79E7C1C}.Release|x64.Build.0 = Release|Any CPU
		{15EACAA6-B015-44F1-9495-101BE79E7C1C}.Release|x86.ActiveCfg = Release|Any CPU
		{15EACAA6-B015-44F1-9495-101BE79E7C1C}.Release|x86.Build.0 = Release|Any CPU
		{AFAFEF88-E364-4654-820D-C75C38CFE284}.Debug|Any CPU.ActiveCfg = Debug|Any CPU
		{AFAFEF88-E364-4654-820D-C75C38CFE284}.Debug|Any CPU.Build.0 = Debug|Any CPU
		{AFAFEF88-E364-4654-820D-C75C38CFE284}.Debug|x64.ActiveCfg = Debug|Any CPU
		{AFAFEF88-E364-4654-820D-C75C38CFE284}.Debug|x64.Build.0 = Debug|Any CPU
		{AFAFEF88-E364-4654-820D-C75C38CFE284}.Debug|x86.ActiveCfg = Debug|Any CPU
		{AFAFEF88-E364-4654-820D-C75C38CFE284}.Debug|x86.Build.0 = Debug|Any CPU
		{AFAFEF88-E364-4654-820D-C75C38CFE284}.Release|Any CPU.ActiveCfg = Release|Any CPU
		{AFAFEF88-E364-4654-820D-C75C38CFE284}.Release|Any CPU.Build.0 = Release|Any CPU
		{AFAFEF88-E364-4654-820D-C75C38CFE284}.Release|x64.ActiveCfg = Release|Any CPU
		{AFAFEF88-E364-4654-820D-C75C38CFE284}.Release|x64.Build.0 = Release|Any CPU
		{AFAFEF88-E364-4654-820D-C75C38CFE284}.Release|x86.ActiveCfg = Release|Any CPU
		{AFAFEF88-E364-4654-820D-C75C38CFE284}.Release|x86.Build.0 = Release|Any CPU
		{97FE433D-E529-4B8A-A20E-C1679061D567}.Debug|Any CPU.ActiveCfg = Debug|Any CPU
		{97FE433D-E529-4B8A-A20E-C1679061D567}.Debug|Any CPU.Build.0 = Debug|Any CPU
		{97FE433D-E529-4B8A-A20E-C1679061D567}.Debug|x64.ActiveCfg = Debug|Any CPU
		{97FE433D-E529-4B8A-A20E-C1679061D567}.Debug|x64.Build.0 = Debug|Any CPU
		{97FE433D-E529-4B8A-A20E-C1679061D567}.Debug|x86.ActiveCfg = Debug|Any CPU
		{97FE433D-E529-4B8A-A20E-C1679061D567}.Debug|x86.Build.0 = Debug|Any CPU
		{97FE433D-E529-4B8A-A20E-C1679061D567}.Release|Any CPU.ActiveCfg = Release|Any CPU
		{97FE433D-E529-4B8A-A20E-C1679061D567}.Release|Any CPU.Build.0 = Release|Any CPU
		{97FE433D-E529-4B8A-A20E-C1679061D567}.Release|x64.ActiveCfg = Release|Any CPU
		{97FE433D-E529-4B8A-A20E-C1679061D567}.Release|x64.Build.0 = Release|Any CPU
		{97FE433D-E529-4B8A-A20E-C1679061D567}.Release|x86.ActiveCfg = Release|Any CPU
		{97FE433D-E529-4B8A-A20E-C1679061D567}.Release|x86.Build.0 = Release|Any CPU
		{E5683171-7CC4-440B-8E74-005BB1C00BDA}.Debug|Any CPU.ActiveCfg = Debug|Any CPU
		{E5683171-7CC4-440B-8E74-005BB1C00BDA}.Debug|Any CPU.Build.0 = Debug|Any CPU
		{E5683171-7CC4-440B-8E74-005BB1C00BDA}.Debug|x64.ActiveCfg = Debug|Any CPU
		{E5683171-7CC4-440B-8E74-005BB1C00BDA}.Debug|x64.Build.0 = Debug|Any CPU
		{E5683171-7CC4-440B-8E74-005BB1C00BDA}.Debug|x86.ActiveCfg = Debug|Any CPU
		{E5683171-7CC4-440B-8E74-005BB1C00BDA}.Debug|x86.Build.0 = Debug|Any CPU
		{E5683171-7CC4-440B-8E74-005BB1C00BDA}.Release|Any CPU.ActiveCfg = Release|Any CPU
		{E5683171-7CC4-440B-8E74-005BB1C00BDA}.Release|Any CPU.Build.0 = Release|Any CPU
		{E5683171-7CC4-440B-8E74-005BB1C00BDA}.Release|x64.ActiveCfg = Release|Any CPU
		{E5683171-7CC4-440B-8E74-005BB1C00BDA}.Release|x64.Build.0 = Release|Any CPU
		{E5683171-7CC4-440B-8E74-005BB1C00BDA}.Release|x86.ActiveCfg = Release|Any CPU
		{E5683171-7CC4-440B-8E74-005BB1C00BDA}.Release|x86.Build.0 = Release|Any CPU
		{16DDF914-27E6-4AD2-A11C-94F297E45D5A}.Debug|Any CPU.ActiveCfg = Debug|Any CPU
		{16DDF914-27E6-4AD2-A11C-94F297E45D5A}.Debug|Any CPU.Build.0 = Debug|Any CPU
		{16DDF914-27E6-4AD2-A11C-94F297E45D5A}.Debug|x64.ActiveCfg = Debug|Any CPU
		{16DDF914-27E6-4AD2-A11C-94F297E45D5A}.Debug|x64.Build.0 = Debug|Any CPU
		{16DDF914-27E6-4AD2-A11C-94F297E45D5A}.Debug|x86.ActiveCfg = Debug|Any CPU
		{16DDF914-27E6-4AD2-A11C-94F297E45D5A}.Debug|x86.Build.0 = Debug|Any CPU
		{16DDF914-27E6-4AD2-A11C-94F297E45D5A}.Release|Any CPU.ActiveCfg = Release|Any CPU
		{16DDF914-27E6-4AD2-A11C-94F297E45D5A}.Release|Any CPU.Build.0 = Release|Any CPU
		{16DDF914-27E6-4AD2-A11C-94F297E45D5A}.Release|x64.ActiveCfg = Release|Any CPU
		{16DDF914-27E6-4AD2-A11C-94F297E45D5A}.Release|x64.Build.0 = Release|Any CPU
		{16DDF914-27E6-4AD2-A11C-94F297E45D5A}.Release|x86.ActiveCfg = Release|Any CPU
		{16DDF914-27E6-4AD2-A11C-94F297E45D5A}.Release|x86.Build.0 = Release|Any CPU
		{ACBE355D-9F78-46D9-BFF7-AE2F116D6F5D}.Debug|Any CPU.ActiveCfg = Debug|Any CPU
		{ACBE355D-9F78-46D9-BFF7-AE2F116D6F5D}.Debug|Any CPU.Build.0 = Debug|Any CPU
		{ACBE355D-9F78-46D9-BFF7-AE2F116D6F5D}.Debug|x64.ActiveCfg = Debug|Any CPU
		{ACBE355D-9F78-46D9-BFF7-AE2F116D6F5D}.Debug|x64.Build.0 = Debug|Any CPU
		{ACBE355D-9F78-46D9-BFF7-AE2F116D6F5D}.Debug|x86.ActiveCfg = Debug|Any CPU
		{ACBE355D-9F78-46D9-BFF7-AE2F116D6F5D}.Debug|x86.Build.0 = Debug|Any CPU
		{ACBE355D-9F78-46D9-BFF7-AE2F116D6F5D}.Release|Any CPU.ActiveCfg = Release|Any CPU
		{ACBE355D-9F78-46D9-BFF7-AE2F116D6F5D}.Release|Any CPU.Build.0 = Release|Any CPU
		{ACBE355D-9F78-46D9-BFF7-AE2F116D6F5D}.Release|x64.ActiveCfg = Release|Any CPU
		{ACBE355D-9F78-46D9-BFF7-AE2F116D6F5D}.Release|x64.Build.0 = Release|Any CPU
		{ACBE355D-9F78-46D9-BFF7-AE2F116D6F5D}.Release|x86.ActiveCfg = Release|Any CPU
		{ACBE355D-9F78-46D9-BFF7-AE2F116D6F5D}.Release|x86.Build.0 = Release|Any CPU
		{F47DD84F-03D5-4124-A86D-9D20F4FA74B3}.Debug|Any CPU.ActiveCfg = Debug|Any CPU
		{F47DD84F-03D5-4124-A86D-9D20F4FA74B3}.Debug|Any CPU.Build.0 = Debug|Any CPU
		{F47DD84F-03D5-4124-A86D-9D20F4FA74B3}.Debug|x64.ActiveCfg = Debug|Any CPU
		{F47DD84F-03D5-4124-A86D-9D20F4FA74B3}.Debug|x64.Build.0 = Debug|Any CPU
		{F47DD84F-03D5-4124-A86D-9D20F4FA74B3}.Debug|x86.ActiveCfg = Debug|Any CPU
		{F47DD84F-03D5-4124-A86D-9D20F4FA74B3}.Debug|x86.Build.0 = Debug|Any CPU
		{F47DD84F-03D5-4124-A86D-9D20F4FA74B3}.Release|Any CPU.ActiveCfg = Release|Any CPU
		{F47DD84F-03D5-4124-A86D-9D20F4FA74B3}.Release|Any CPU.Build.0 = Release|Any CPU
		{F47DD84F-03D5-4124-A86D-9D20F4FA74B3}.Release|x64.ActiveCfg = Release|Any CPU
		{F47DD84F-03D5-4124-A86D-9D20F4FA74B3}.Release|x64.Build.0 = Release|Any CPU
		{F47DD84F-03D5-4124-A86D-9D20F4FA74B3}.Release|x86.ActiveCfg = Release|Any CPU
		{F47DD84F-03D5-4124-A86D-9D20F4FA74B3}.Release|x86.Build.0 = Release|Any CPU
		{01C86B6F-840E-415C-8D2A-398BDA5F0F09}.Debug|Any CPU.ActiveCfg = Debug|Any CPU
		{01C86B6F-840E-415C-8D2A-398BDA5F0F09}.Debug|Any CPU.Build.0 = Debug|Any CPU
		{01C86B6F-840E-415C-8D2A-398BDA5F0F09}.Debug|x64.ActiveCfg = Debug|Any CPU
		{01C86B6F-840E-415C-8D2A-398BDA5F0F09}.Debug|x64.Build.0 = Debug|Any CPU
		{01C86B6F-840E-415C-8D2A-398BDA5F0F09}.Debug|x86.ActiveCfg = Debug|Any CPU
		{01C86B6F-840E-415C-8D2A-398BDA5F0F09}.Debug|x86.Build.0 = Debug|Any CPU
		{01C86B6F-840E-415C-8D2A-398BDA5F0F09}.Release|Any CPU.ActiveCfg = Release|Any CPU
		{01C86B6F-840E-415C-8D2A-398BDA5F0F09}.Release|Any CPU.Build.0 = Release|Any CPU
		{01C86B6F-840E-415C-8D2A-398BDA5F0F09}.Release|x64.ActiveCfg = Release|Any CPU
		{01C86B6F-840E-415C-8D2A-398BDA5F0F09}.Release|x64.Build.0 = Release|Any CPU
		{01C86B6F-840E-415C-8D2A-398BDA5F0F09}.Release|x86.ActiveCfg = Release|Any CPU
		{01C86B6F-840E-415C-8D2A-398BDA5F0F09}.Release|x86.Build.0 = Release|Any CPU
		{6F7B3E6F-390F-4A6A-A943-5E7520BBE2A7}.Debug|Any CPU.ActiveCfg = Debug|Any CPU
		{6F7B3E6F-390F-4A6A-A943-5E7520BBE2A7}.Debug|Any CPU.Build.0 = Debug|Any CPU
		{6F7B3E6F-390F-4A6A-A943-5E7520BBE2A7}.Debug|x64.ActiveCfg = Debug|Any CPU
		{6F7B3E6F-390F-4A6A-A943-5E7520BBE2A7}.Debug|x64.Build.0 = Debug|Any CPU
		{6F7B3E6F-390F-4A6A-A943-5E7520BBE2A7}.Debug|x86.ActiveCfg = Debug|Any CPU
		{6F7B3E6F-390F-4A6A-A943-5E7520BBE2A7}.Debug|x86.Build.0 = Debug|Any CPU
		{6F7B3E6F-390F-4A6A-A943-5E7520BBE2A7}.Release|Any CPU.ActiveCfg = Release|Any CPU
		{6F7B3E6F-390F-4A6A-A943-5E7520BBE2A7}.Release|Any CPU.Build.0 = Release|Any CPU
		{6F7B3E6F-390F-4A6A-A943-5E7520BBE2A7}.Release|x64.ActiveCfg = Release|Any CPU
		{6F7B3E6F-390F-4A6A-A943-5E7520BBE2A7}.Release|x64.Build.0 = Release|Any CPU
		{6F7B3E6F-390F-4A6A-A943-5E7520BBE2A7}.Release|x86.ActiveCfg = Release|Any CPU
		{6F7B3E6F-390F-4A6A-A943-5E7520BBE2A7}.Release|x86.Build.0 = Release|Any CPU
		{48B05FFA-90DA-4CFA-BFBF-CBAA386BA9FE}.Debug|Any CPU.ActiveCfg = Debug|Any CPU
		{48B05FFA-90DA-4CFA-BFBF-CBAA386BA9FE}.Debug|Any CPU.Build.0 = Debug|Any CPU
		{48B05FFA-90DA-4CFA-BFBF-CBAA386BA9FE}.Debug|x64.ActiveCfg = Debug|Any CPU
		{48B05FFA-90DA-4CFA-BFBF-CBAA386BA9FE}.Debug|x64.Build.0 = Debug|Any CPU
		{48B05FFA-90DA-4CFA-BFBF-CBAA386BA9FE}.Debug|x86.ActiveCfg = Debug|Any CPU
		{48B05FFA-90DA-4CFA-BFBF-CBAA386BA9FE}.Debug|x86.Build.0 = Debug|Any CPU
		{48B05FFA-90DA-4CFA-BFBF-CBAA386BA9FE}.Release|Any CPU.ActiveCfg = Release|Any CPU
		{48B05FFA-90DA-4CFA-BFBF-CBAA386BA9FE}.Release|Any CPU.Build.0 = Release|Any CPU
		{48B05FFA-90DA-4CFA-BFBF-CBAA386BA9FE}.Release|x64.ActiveCfg = Release|Any CPU
		{48B05FFA-90DA-4CFA-BFBF-CBAA386BA9FE}.Release|x64.Build.0 = Release|Any CPU
		{48B05FFA-90DA-4CFA-BFBF-CBAA386BA9FE}.Release|x86.ActiveCfg = Release|Any CPU
		{48B05FFA-90DA-4CFA-BFBF-CBAA386BA9FE}.Release|x86.Build.0 = Release|Any CPU
		{C5D5F6E8-1FAE-4146-925D-D9DE71511EF1}.Debug|Any CPU.ActiveCfg = Debug|Any CPU
		{C5D5F6E8-1FAE-4146-925D-D9DE71511EF1}.Debug|Any CPU.Build.0 = Debug|Any CPU
		{C5D5F6E8-1FAE-4146-925D-D9DE71511EF1}.Debug|x64.ActiveCfg = Debug|Any CPU
		{C5D5F6E8-1FAE-4146-925D-D9DE71511EF1}.Debug|x64.Build.0 = Debug|Any CPU
		{C5D5F6E8-1FAE-4146-925D-D9DE71511EF1}.Debug|x86.ActiveCfg = Debug|Any CPU
		{C5D5F6E8-1FAE-4146-925D-D9DE71511EF1}.Debug|x86.Build.0 = Debug|Any CPU
		{C5D5F6E8-1FAE-4146-925D-D9DE71511EF1}.Release|Any CPU.ActiveCfg = Release|Any CPU
		{C5D5F6E8-1FAE-4146-925D-D9DE71511EF1}.Release|Any CPU.Build.0 = Release|Any CPU
		{C5D5F6E8-1FAE-4146-925D-D9DE71511EF1}.Release|x64.ActiveCfg = Release|Any CPU
		{C5D5F6E8-1FAE-4146-925D-D9DE71511EF1}.Release|x64.Build.0 = Release|Any CPU
		{C5D5F6E8-1FAE-4146-925D-D9DE71511EF1}.Release|x86.ActiveCfg = Release|Any CPU
		{C5D5F6E8-1FAE-4146-925D-D9DE71511EF1}.Release|x86.Build.0 = Release|Any CPU
		{5B84111F-D5ED-4DF8-8943-DFA48ADE85C0}.Debug|Any CPU.ActiveCfg = Debug|Any CPU
		{5B84111F-D5ED-4DF8-8943-DFA48ADE85C0}.Debug|Any CPU.Build.0 = Debug|Any CPU
		{5B84111F-D5ED-4DF8-8943-DFA48ADE85C0}.Debug|x64.ActiveCfg = Debug|Any CPU
		{5B84111F-D5ED-4DF8-8943-DFA48ADE85C0}.Debug|x64.Build.0 = Debug|Any CPU
		{5B84111F-D5ED-4DF8-8943-DFA48ADE85C0}.Debug|x86.ActiveCfg = Debug|Any CPU
		{5B84111F-D5ED-4DF8-8943-DFA48ADE85C0}.Debug|x86.Build.0 = Debug|Any CPU
		{5B84111F-D5ED-4DF8-8943-DFA48ADE85C0}.Release|Any CPU.ActiveCfg = Release|Any CPU
		{5B84111F-D5ED-4DF8-8943-DFA48ADE85C0}.Release|Any CPU.Build.0 = Release|Any CPU
		{5B84111F-D5ED-4DF8-8943-DFA48ADE85C0}.Release|x64.ActiveCfg = Release|Any CPU
		{5B84111F-D5ED-4DF8-8943-DFA48ADE85C0}.Release|x64.Build.0 = Release|Any CPU
		{5B84111F-D5ED-4DF8-8943-DFA48ADE85C0}.Release|x86.ActiveCfg = Release|Any CPU
		{5B84111F-D5ED-4DF8-8943-DFA48ADE85C0}.Release|x86.Build.0 = Release|Any CPU
	EndGlobalSection
	GlobalSection(SolutionProperties) = preSolution
		HideSolutionNode = FALSE
	EndGlobalSection
	GlobalSection(NestedProjects) = preSolution
		{E0A250DE-A99C-56CD-9C1C-D3D9C93A55B1} = {2DBF0863-E36C-BE8B-CDB4-B3B48F1BCDB9}
		{C0BD12E2-BF3C-4D7D-A604-E998C6578454} = {E0A250DE-A99C-56CD-9C1C-D3D9C93A55B1}
		{8F5760D8-B031-E037-2C72-35D4A78959A1} = {2DBF0863-E36C-BE8B-CDB4-B3B48F1BCDB9}
		{DB9721EE-4895-47FA-8DF2-B903BA9F2448} = {8F5760D8-B031-E037-2C72-35D4A78959A1}
		{E7B3CC45-BFDF-96EB-3D4E-359831DD237F} = {FF5B9530-63B5-86EF-4321-C9426B946D02}
		{4B7D9607-1637-4F25-B7D8-C5DC2A53C379} = {E7B3CC45-BFDF-96EB-3D4E-359831DD237F}
		{22F65941-796B-D453-DA2E-161FFBE646D3} = {FF5B9530-63B5-86EF-4321-C9426B946D02}
		{344B10E6-0AA3-4FC7-9159-22F48EDABC88} = {22F65941-796B-D453-DA2E-161FFBE646D3}
		{4BF4FCCA-ECE4-49C5-0DD0-6EB8D9296659} = {D66CDC98-7E23-A367-B4C4-1010061B5503}
		{15EACAA6-B015-44F1-9495-101BE79E7C1C} = {4BF4FCCA-ECE4-49C5-0DD0-6EB8D9296659}
		{0A251FE5-B3B4-DD64-CB19-E34D2CD6C30B} = {D66CDC98-7E23-A367-B4C4-1010061B5503}
		{AFAFEF88-E364-4654-820D-C75C38CFE284} = {0A251FE5-B3B4-DD64-CB19-E34D2CD6C30B}
		{BD0931E0-985E-A5AB-F3C6-042D229ED1A2} = {01B2D543-819E-CBBE-C12E-45A96F8621CC}
		{97FE433D-E529-4B8A-A20E-C1679061D567} = {BD0931E0-985E-A5AB-F3C6-042D229ED1A2}
		{12002B66-6DE3-C93C-E4EF-1D87B24AFB76} = {01B2D543-819E-CBBE-C12E-45A96F8621CC}
		{E5683171-7CC4-440B-8E74-005BB1C00BDA} = {12002B66-6DE3-C93C-E4EF-1D87B24AFB76}
		{451F05DE-2E27-0D85-3098-BEE0B990B93F} = {374ECBD9-BFF7-2329-FD71-79327E38DD3C}
		{16DDF914-27E6-4AD2-A11C-94F297E45D5A} = {451F05DE-2E27-0D85-3098-BEE0B990B93F}
		{C65E0021-8D88-D943-8884-A30E6EA51D91} = {374ECBD9-BFF7-2329-FD71-79327E38DD3C}
		{ACBE355D-9F78-46D9-BFF7-AE2F116D6F5D} = {C65E0021-8D88-D943-8884-A30E6EA51D91}
		{741893F8-50B8-052B-1754-CD5DE3715617} = {E4B81288-DF90-7977-8EA0-B64E2EDAF8D9}
		{F47DD84F-03D5-4124-A86D-9D20F4FA74B3} = {741893F8-50B8-052B-1754-CD5DE3715617}
		{FC86D020-DC35-1FEE-85D0-D2E86DB925BD} = {E4B81288-DF90-7977-8EA0-B64E2EDAF8D9}
		{01C86B6F-840E-415C-8D2A-398BDA5F0F09} = {FC86D020-DC35-1FEE-85D0-D2E86DB925BD}
		{4AFEB3E0-707A-0431-E857-E6DE4D258204} = {584D4B41-F610-10C8-8CEF-FCA11C0444F8}
		{6F7B3E6F-390F-4A6A-A943-5E7520BBE2A7} = {4AFEB3E0-707A-0431-E857-E6DE4D258204}
		{B1258938-7151-0FAB-C38C-7023778166AD} = {584D4B41-F610-10C8-8CEF-FCA11C0444F8}
		{48B05FFA-90DA-4CFA-BFBF-CBAA386BA9FE} = {B1258938-7151-0FAB-C38C-7023778166AD}
		{FEBE2442-D0BA-AA21-7CA3-86C926250B44} = {B2130A19-34DF-9F87-79FD-B787B321CFF4}
		{C5D5F6E8-1FAE-4146-925D-D9DE71511EF1} = {FEBE2442-D0BA-AA21-7CA3-86C926250B44}
		{02D21BC7-9A67-5495-5BE2-F927121ADE20} = {B2130A19-34DF-9F87-79FD-B787B321CFF4}
		{5B84111F-D5ED-4DF8-8943-DFA48ADE85C0} = {02D21BC7-9A67-5495-5BE2-F927121ADE20}
	EndGlobalSection
EndGlobal
