
Microsoft Visual Studio Solution File, Format Version 12.00
# Visual Studio Version 17
VisualStudioVersion = 17.0.31903.59
MinimumVisualStudioVersion = 10.0.40219.1
Project("{2150E333-8FDC-42A3-9474-1A3956D46DE8}") = "Day01-CSharp-Memory", "Day01-CSharp-Memory", "{2DBF0863-E36C-BE8B-CDB4-B3B48F1BCDB9}"
EndProject
Project("{2150E333-8FDC-42A3-9474-1A3956D46DE8}") = "src", "src", "{E0A250DE-A99C-56CD-9C1C-D3D9C93A55B1}"
EndProject
Project("{FAE04EC0-301F-11D3-BF4B-00C04F79EFBC}") = "Day01.MemoryLab", "Day01-CSharp-Memory\src\Day01.MemoryLab\Day01.MemoryLab.csproj", "{C0BD12E2-BF3C-4D7D-A604-E998C6578454}"
EndProject
Project("{2150E333-8FDC-42A3-9474-1A3956D46DE8}") = "tests", "tests", "{8F5760D8-B031-E037-2C72-35D4A78959A1}"
EndProject
Project("{FAE04EC0-301F-11D3-BF4B-00C04F79EFBC}") = "Day01.MemoryLab.Tests", "Day01-CSharp-Memory\tests\Day01.MemoryLab.Tests\Day01.MemoryLab.Tests.csproj", "{DB9721EE-4895-47FA-8DF2-B903BA9F2448}"
EndProject
Project("{2150E333-8FDC-42A3-9474-1A3956D46DE8}") = "Day02-RefStruct-Memory", "Day02-RefStruct-Memory", "{FF5B9530-63B5-86EF-4321-C9426B946D02}"
EndProject
Project("{2150E333-8FDC-42A3-9474-1A3956D46DE8}") = "src", "src", "{E7B3CC45-BFDF-96EB-3D4E-359831DD237F}"
EndProject
Project("{FAE04EC0-301F-11D3-BF4B-00C04F79EFBC}") = "Day02.RefStructMemory", "Day02-RefStruct-Memory\src\Day02.RefStructMemory\Day02.RefStructMemory.csproj", "{4B7D9607-1637-4F25-B7D8-C5DC2A53C379}"
EndProject
Project("{2150E333-8FDC-42A3-9474-1A3956D46DE8}") = "tests", "tests", "{22F65941-796B-D453-DA2E-161FFBE646D3}"
EndProject
Project("{FAE04EC0-301F-11D3-BF4B-00C04F79EFBC}") = "Day02.RefStructMemory.Tests", "Day02-RefStruct-Memory\tests\Day02.RefStructMemory.Tests\Day02.RefStructMemory.Tests.csproj", "{344B10E6-0AA3-4FC7-9159-22F48EDABC88}"
EndProject
Project("{2150E333-8FDC-42A3-9474-1A3956D46DE8}") = "Day03-Async-Await", "Day03-Async-Await", "{D66CDC98-7E23-A367-B4C4-1010061B5503}"
EndProject
Project("{2150E333-8FDC-42A3-9474-1A3956D46DE8}") = "src", "src", "{4BF4FCCA-ECE4-49C5-0DD0-6EB8D9296659}"
EndProject
Project("{FAE04EC0-301F-11D3-BF4B-00C04F79EFBC}") = "Day03.AsyncStateMachine", "Day03-Async-Await\src\Day03.AsyncStateMachine\Day03.AsyncStateMachine.csproj", "{15EACAA6-B015-44F1-9495-101BE79E7C1C}"
EndProject
Project("{2150E333-8FDC-42A3-9474-1A3956D46DE8}") = "tests", "tests", "{0A251FE5-B3B4-DD64-CB19-E34D2CD6C30B}"
EndProject
Project("{FAE04EC0-301F-11D3-BF4B-00C04F79EFBC}") = "Day03.AsyncStateMachine.Tests", "Day03-Async-Await\tests\Day03.AsyncStateMachine.Tests\Day03.AsyncStateMachine.Tests.csproj", "{AFAFEF88-E364-4654-820D-C75C38CFE284}"
EndProject
Project("{2150E333-8FDC-42A3-9474-1A3956D46DE8}") = "Day04-Garbage-Collection", "Day04-Garbage-Collection", "{01B2D543-819E-CBBE-C12E-45A96F8621CC}"
EndProject
Project("{2150E333-8FDC-42A3-9474-1A3956D46DE8}") = "src", "src", "{BD0931E0-985E-A5AB-F3C6-042D229ED1A2}"
EndProject
Project("{FAE04EC0-301F-11D3-BF4B-00C04F79EFBC}") = "Day04.GarbageCollection", "Day04-Garbage-Collection\src\Day04.GarbageCollection\Day04.GarbageCollection.csproj", "{97FE433D-E529-4B8A-A20E-C1679061D567}"
EndProject
Project("{2150E333-8FDC-42A3-9474-1A3956D46DE8}") = "tests", "tests", "{12002B66-6DE3-C93C-E4EF-1D87B24AFB76}"
EndProject
Project("{FAE04EC0-301F-11D3-BF4B-00C04F79EFBC}") = "Day04.GarbageCollection.Tests", "Day04-Garbage-Collection\tests\Day04.GarbageCollection.Tests\Day04.GarbageCollection.Tests.csproj", "{E5683171-7CC4-440B-8E74-005BB1C00BDA}"
EndProject
Project("{2150E333-8FDC-42A3-9474-1A3956D46DE8}") = "Day05-Middleware-Kestrel", "Day05-Middleware-Kestrel", "{374ECBD9-BFF7-2329-FD71-79327E38DD3C}"
EndProject
Project("{2150E333-8FDC-42A3-9474-1A3956D46DE8}") = "src", "src", "{451F05DE-2E27-0D85-3098-BEE0B990B93F}"
EndProject
Project("{FAE04EC0-301F-11D3-BF4B-00C04F79EFBC}") = "Day05.MiddlewareApi", "Day05-Middleware-Kestrel\src\Day05.MiddlewareApi\Day05.MiddlewareApi.csproj", "{16DDF914-27E6-4AD2-A11C-94F297E45D5A}"
EndProject
Project("{2150E333-8FDC-42A3-9474-1A3956D46DE8}") = "tests", "tests", "{C65E0021-8D88-D943-8884-A30E6EA51D91}"
EndProject
Project("{FAE04EC0-301F-11D3-BF4B-00C04F79EFBC}") = "Day05.MiddlewareApi.Tests", "Day05-Middleware-Kestrel\tests\Day05.MiddlewareApi.Tests\Day05.MiddlewareApi.Tests.csproj", "{ACBE355D-9F78-46D9-BFF7-AE2F116D6F5D}"
EndProject
Project("{2150E333-8FDC-42A3-9474-1A3956D46DE8}") = "Day06-Dependency-Injection", "Day06-Dependency-Injection", "{E4B81288-DF90-7977-8EA0-B64E2EDAF8D9}"
EndProject
Project("{2150E333-8FDC-42A3-9474-1A3956D46DE8}") = "src", "src", "{741893F8-50B8-052B-1754-CD5DE3715617}"
EndProject
Project("{FAE04EC0-301F-11D3-BF4B-00C04F79EFBC}") = "Day06.DependencyInjection", "Day06-Dependency-Injection\src\Day06.DependencyInjection\Day06.DependencyInjection.csproj", "{F47DD84F-03D5-4124-A86D-9D20F4FA74B3}"
EndProject
Project("{2150E333-8FDC-42A3-9474-1A3956D46DE8}") = "tests", "tests", "{FC86D020-DC35-1FEE-85D0-D2E86DB925BD}"
EndProject
Project("{FAE04EC0-301F-11D3-BF4B-00C04F79EFBC}") = "Day06.DependencyInjection.Tests", "Day06-Dependency-Injection\tests\Day06.DependencyInjection.Tests\Day06.DependencyInjection.Tests.csproj", "{01C86B6F-840E-415C-8D2A-398BDA5F0F09}"
EndProject
Project("{2150E333-8FDC-42A3-9474-1A3956D46DE8}") = "Day07-Minimal-APIs", "Day07-Minimal-APIs", "{584D4B41-F610-10C8-8CEF-FCA11C0444F8}"
EndProject
Project("{2150E333-8FDC-42A3-9474-1A3956D46DE8}") = "src", "src", "{4AFEB3E0-707A-0431-E857-E6DE4D258204}"
EndProject
Project("{FAE04EC0-301F-11D3-BF4B-00C04F79EFBC}") = "Day07.MinimalApi", "Day07-Minimal-APIs\src\Day07.MinimalApi\Day07.MinimalApi.csproj", "{6F7B3E6F-390F-4A6A-A943-5E7520BBE2A7}"
EndProject
Project("{2150E333-8FDC-42A3-9474-1A3956D46DE8}") = "tests", "tests", "{B1258938-7151-0FAB-C38C-7023778166AD}"
EndProject
Project("{FAE04EC0-301F-11D3-BF4B-00C04F79EFBC}") = "Day07.MinimalApi.Tests", "Day07-Minimal-APIs\tests\Day07.MinimalApi.Tests\Day07.MinimalApi.Tests.csproj", "{48B05FFA-90DA-4CFA-BFBF-CBAA386BA9FE}"
EndProject
Project("{2150E333-8FDC-42A3-9474-1A3956D46DE8}") = "Day08-SQL-Indexes", "Day08-SQL-Indexes", "{B2130A19-34DF-9F87-79FD-B787B321CFF4}"
EndProject
Project("{2150E333-8FDC-42A3-9474-1A3956D46DE8}") = "src", "src", "{FEBE2442-D0BA-AA21-7CA3-86C926250B44}"
EndProject
Project("{FAE04EC0-301F-11D3-BF4B-00C04F79EFBC}") = "Day08.SqlIndexes", "Day08-SQL-Indexes\src\Day08.SqlIndexes\Day08.SqlIndexes.csproj", "{C5D5F6E8-1FAE-4146-925D-D9DE71511EF1}"
EndProject
Project("{2150E333-8FDC-42A3-9474-1A3956D46DE8}") = "tests", "tests", "{02D21BC7-9A67-5495-5BE2-F927121ADE20}"
EndProject
Project("{FAE04EC0-301F-11D3-BF4B-00C04F79EFBC}") = "Day08.SqlIndexes.Tests", "Day08-SQL-Indexes\tests\Day08.SqlIndexes.Tests\Day08.SqlIndexes.Tests.csproj", "{5B84111F-D5ED-4DF8-8943-DFA48ADE85C0}"
EndProject
Project("{2150E333-8FDC-42A3-9474-1A3956D46DE8}") = "Day09-SQL-Execution-Plans", "Day09-SQL-Execution-Plans", "{DCD904CD-E14E-359B-F2F3-890A01663964}"
EndProject
Project("{2150E333-8FDC-42A3-9474-1A3956D46DE8}") = "src", "src", "{95CC1115-5674-B6EE-BA9A-DE53F9428FD8}"
EndProject
Project("{FAE04EC0-301F-11D3-BF4B-00C04F79EFBC}") = "Day09.SqlExecutionPlans", "Day09-SQL-Execution-Plans\src\Day09.SqlExecutionPlans\Day09.SqlExecutionPlans.csproj", "{1A151ABA-BF97-42A4-AC56-CB8A87B3C134}"
EndProject
Project("{2150E333-8FDC-42A3-9474-1A3956D46DE8}") = "tests", "tests", "{70E2527D-7BBF-312B-6920-27462A977D3C}"
EndProject
Project("{FAE04EC0-301F-11D3-BF4B-00C04F79EFBC}") = "Day09.SqlExecutionPlans.Tests", "Day09-SQL-Execution-Plans\tests\Day09.SqlExecutionPlans.Tests\Day09.SqlExecutionPlans.Tests.csproj", "{01026736-A6A0-49CE-BF36-00B8BB00BB66}"
EndProject
Project("{2150E333-8FDC-42A3-9474-1A3956D46DE8}") = "Day10-Transactions-ACID", "Day10-Transactions-ACID", "{CFAE858B-737D-A560-D647-F74D61223926}"
EndProject
Project("{2150E333-8FDC-42A3-9474-1A3956D46DE8}") = "src", "src", "{92B878B9-4EA9-8335-9C2A-D2CF10421730}"
EndProject
Project("{FAE04EC0-301F-11D3-BF4B-00C04F79EFBC}") = "Day10.TransactionsAcid", "Day10-Transactions-ACID\src\Day10.TransactionsAcid\Day10.TransactionsAcid.csproj", "{30EF5DE8-C939-4FE2-8177-48B98243769A}"
EndProject
Project("{2150E333-8FDC-42A3-9474-1A3956D46DE8}") = "tests", "tests", "{11450624-CD92-3FD5-D2E5-EAC7FD76701F}"
EndProject
Project("{FAE04EC0-301F-11D3-BF4B-00C04F79EFBC}") = "Day10.TransactionsAcid.Tests", "Day10-Transactions-ACID\tests\Day10.TransactionsAcid.Tests\Day10.TransactionsAcid.Tests.csproj", "{825EFE04-698B-440C-92F7-2CFF3DFFE557}"
EndProject
Project("{2150E333-8FDC-42A3-9474-1A3956D46DE8}") = "Day11-EFCore-ChangeTracking", "Day11-EFCore-ChangeTracking", "{523981E6-1A9B-29C2-8955-03F80EA9CECE}"
EndProject
Project("{2150E333-8FDC-42A3-9474-1A3956D46DE8}") = "src", "src", "{3E03EC3D-FC8B-6A8F-204F-CC34A45DFC75}"
EndProject
Project("{FAE04EC0-301F-11D3-BF4B-00C04F79EFBC}") = "Day11.EfCoreTracking", "Day11-EFCore-ChangeTracking\src\Day11.EfCoreTracking\Day11.EfCoreTracking.csproj", "{BEF93731-80F4-4442-9132-0A4790A6CE4D}"
EndProject
Project("{2150E333-8FDC-42A3-9474-1A3956D46DE8}") = "tests", "tests", "{FC7FB81E-9746-62A2-5C0D-15BE7AADF519}"
EndProject
Project("{FAE04EC0-301F-11D3-BF4B-00C04F79EFBC}") = "Day11.EfCoreTracking.Tests", "Day11-EFCore-ChangeTracking\tests\Day11.EfCoreTracking.Tests\Day11.EfCoreTracking.Tests.csproj", "{4CACEB06-2F55-44A9-98D1-E44DC97A2459}"
EndProject
Project("{2150E333-8FDC-42A3-9474-1A3956D46DE8}") = "Day12-EFCore-SplitQueries-Interceptors", "Day12-EFCore-SplitQueries-Interceptors", "{B2E15735-01A4-C44F-D890-3CD4225E0014}"
EndProject
Project("{2150E333-8FDC-42A3-9474-1A3956D46DE8}") = "src", "src", "{93EED549-C07C-3A5E-FF4A-3B2786B43995}"
EndProject
Project("{FAE04EC0-301F-11D3-BF4B-00C04F79EFBC}") = "Day12.SplitQueriesInterceptors", "Day12-EFCore-SplitQueries-Interceptors\src\Day12.SplitQueriesInterceptors\Day12.SplitQueriesInterceptors.csproj", "{1807E692-09FE-4C34-906B-EAD96E6500C9}"
EndProject
Project("{2150E333-8FDC-42A3-9474-1A3956D46DE8}") = "tests", "tests", "{A9F743B9-6D76-128B-A303-46E76E3506AB}"
EndProject
Project("{FAE04EC0-301F-11D3-BF4B-00C04F79EFBC}") = "Day12.SplitQueriesInterceptors.Tests", "Day12-EFCore-SplitQueries-Interceptors\tests\Day12.SplitQueriesInterceptors.Tests\Day12.SplitQueriesInterceptors.Tests.csproj", "{8713C80D-8BB5-478A-B293-7C414C6BC1F2}"
EndProject
Project("{2150E333-8FDC-42A3-9474-1A3956D46DE8}") = "Day13-Dapper-Performance", "Day13-Dapper-Performance", "{F23823C4-CED7-32FC-A10D-C44AC1D9DB61}"
EndProject
Project("{2150E333-8FDC-42A3-9474-1A3956D46DE8}") = "src", "src", "{329886E1-B248-31E5-7801-64E3EE116294}"
EndProject
Project("{FAE04EC0-301F-11D3-BF4B-00C04F79EFBC}") = "Day13.DapperPerformance", "Day13-Dapper-Performance\src\Day13.DapperPerformance\Day13.DapperPerformance.csproj", "{6665A233-EC60-4CF5-BC06-1E8C6060EC17}"
EndProject
Project("{2150E333-8FDC-42A3-9474-1A3956D46DE8}") = "tests", "tests", "{C2B9C1D3-FCAE-8451-D565-49DFE1EA5A70}"
EndProject
Project("{FAE04EC0-301F-11D3-BF4B-00C04F79EFBC}") = "Day13.DapperPerformance.Tests", "Day13-Dapper-Performance\tests\Day13.DapperPerformance.Tests\Day13.DapperPerformance.Tests.csproj", "{388559C8-08AC-4DB9-9284-0DADFD87B5BD}"
EndProject
Project("{2150E333-8FDC-42A3-9474-1A3956D46DE8}") = "Day14-EFCore-Migrations-Production", "Day14-EFCore-Migrations-Production", "{456253B5-9576-B969-D3D1-BE8549A9DECE}"
EndProject
Project("{2150E333-8FDC-42A3-9474-1A3956D46DE8}") = "src", "src", "{0F52F209-E885-DE69-A329-D345F8579310}"
EndProject
Project("{FAE04EC0-301F-11D3-BF4B-00C04F79EFBC}") = "Day14.EfCoreMigrations", "Day14-EFCore-Migrations-Production\src\Day14.EfCoreMigrations\Day14.EfCoreMigrations.csproj", "{91F3920F-87B0-46BA-9169-B30A061EDAA3}"
EndProject
Project("{2150E333-8FDC-42A3-9474-1A3956D46DE8}") = "tests", "tests", "{E60353E3-8E5A-7FD7-F472-E960AF86C570}"
EndProject
Project("{FAE04EC0-301F-11D3-BF4B-00C04F79EFBC}") = "Day14.EfCoreMigrations.Tests", "Day14-EFCore-Migrations-Production\tests\Day14.EfCoreMigrations.Tests\Day14.EfCoreMigrations.Tests.csproj", "{03DDA22C-24B4-4B44-96D1-8160413DAAF4}"
EndProject
Project("{2150E333-8FDC-42A3-9474-1A3956D46DE8}") = "Day15-Channels-Concurrency", "Day15-Channels-Concurrency", "{F9FD49F1-5ED7-A6D4-0808-56CD60238233}"
EndProject
Project("{2150E333-8FDC-42A3-9474-1A3956D46DE8}") = "src", "src", "{59942CBA-E7C7-F7CF-2012-5F7598AD572A}"
EndProject
Project("{FAE04EC0-301F-11D3-BF4B-00C04F79EFBC}") = "Day15.ChannelsConcurrency", "Day15-Channels-Concurrency\src\Day15.ChannelsConcurrency\Day15.ChannelsConcurrency.csproj", "{5D1722F4-2E1F-492A-B78A-0E82AC647B47}"
EndProject
Project("{2150E333-8FDC-42A3-9474-1A3956D46DE8}") = "tests", "tests", "{4DAA2541-3E57-8B56-6351-E8C3BD2DF0BA}"
EndProject
Project("{FAE04EC0-301F-11D3-BF4B-00C04F79EFBC}") = "Day15.ChannelsConcurrency.Tests", "Day15-Channels-Concurrency\tests\Day15.ChannelsConcurrency.Tests\Day15.ChannelsConcurrency.Tests.csproj", "{1E0C9CB0-0E3B-4930-A8D1-1D1221414D40}"
EndProject
Project("{2150E333-8FDC-42A3-9474-1A3956D46DE8}") = "Day16-Synchronization-Locks", "Day16-Synchronization-Locks", "{BB484A15-0171-648D-1643-756F2214E3E3}"
EndProject
Project("{2150E333-8FDC-42A3-9474-1A3956D46DE8}") = "src", "src", "{D3CA4F06-6053-FC54-CFF3-84409929B9ED}"
EndProject
Project("{FAE04EC0-301F-11D3-BF4B-00C04F79EFBC}") = "Day16.SynchronizationLocks", "Day16-Synchronization-Locks\src\Day16.SynchronizationLocks\Day16.SynchronizationLocks.csproj", "{E6E11DB6-60C7-4890-B192-1BA737557DBB}"
EndProject
Project("{2150E333-8FDC-42A3-9474-1A3956D46DE8}") = "tests", "tests", "{CCD241E0-E23E-F486-7423-3812B9F0F660}"
EndProject
Project("{FAE04EC0-301F-11D3-BF4B-00C04F79EFBC}") = "Day16.SynchronizationLocks.Tests", "Day16-Synchronization-Locks\tests\Day16.SynchronizationLocks.Tests\Day16.SynchronizationLocks.Tests.csproj", "{3DD05F68-C418-419F-82B0-C41A540FCD72}"
EndProject
Project("{2150E333-8FDC-42A3-9474-1A3956D46DE8}") = "Day17-Redis-Cache-Patterns", "Day17-Redis-Cache-Patterns", "{AB6F880E-B272-C7D6-716D-EDB96C697B1F}"
EndProject
Project("{2150E333-8FDC-42A3-9474-1A3956D46DE8}") = "src", "src", "{112F9F44-AC39-A3F1-8E1D-5252C3E08207}"
EndProject
Project("{FAE04EC0-301F-11D3-BF4B-00C04F79EFBC}") = "Day17.RedisCachePatterns", "Day17-Redis-Cache-Patterns\src\Day17.RedisCachePatterns\Day17.RedisCachePatterns.csproj", "{20080A85-F714-4B04-B89F-C25F3C11C6A1}"
EndProject
Project("{2150E333-8FDC-42A3-9474-1A3956D46DE8}") = "tests", "tests", "{BEF76B3D-4FA4-D948-EC40-3EEA0B00D3A8}"
EndProject
Project("{FAE04EC0-301F-11D3-BF4B-00C04F79EFBC}") = "Day17.RedisCachePatterns.Tests", "Day17-Redis-Cache-Patterns\tests\Day17.RedisCachePatterns.Tests\Day17.RedisCachePatterns.Tests.csproj", "{E3F0285D-906F-4E79-8D71-8C44633AF802}"
EndProject
Project("{2150E333-8FDC-42A3-9474-1A3956D46DE8}") = "Day18-Redis-DataStructures-Eviction", "Day18-Redis-DataStructures-Eviction", "{09E98A9E-83CF-294E-EAFE-5EFE342AACE9}"
EndProject
Project("{2150E333-8FDC-42A3-9474-1A3956D46DE8}") = "src", "src", "{82ED66E2-3DB0-E953-ABE9-2E6F8DA54533}"
EndProject
Project("{FAE04EC0-301F-11D3-BF4B-00C04F79EFBC}") = "Day18.RedisDataStructures", "Day18-Redis-DataStructures-Eviction\src\Day18.RedisDataStructures\Day18.RedisDataStructures.csproj", "{A55A6213-8C1E-4EA6-B439-6474160F6D18}"
EndProject
Project("{2150E333-8FDC-42A3-9474-1A3956D46DE8}") = "tests", "tests", "{014196C8-CF64-6EA9-43BF-D25A5CCEBCAC}"
EndProject
Project("{FAE04EC0-301F-11D3-BF4B-00C04F79EFBC}") = "Day18.RedisDataStructures.Tests", "Day18-Redis-DataStructures-Eviction\tests\Day18.RedisDataStructures.Tests\Day18.RedisDataStructures.Tests.csproj", "{480FB6E5-2B68-49CE-815D-2F187D4AC8BB}"
EndProject
Project("{2150E333-8FDC-42A3-9474-1A3956D46DE8}") = "Day19-Redis-RedLock-DistributedLocking", "Day19-Redis-RedLock-DistributedLocking", "{01623582-307E-A083-3F6B-4CA9532B70E2}"
EndProject
Project("{2150E333-8FDC-42A3-9474-1A3956D46DE8}") = "src", "src", "{79D88C79-ABEF-D605-D72F-99DFD274527F}"
EndProject
Project("{FAE04EC0-301F-11D3-BF4B-00C04F79EFBC}") = "Day19.RedisRedLock", "Day19-Redis-RedLock-DistributedLocking\src\Day19.RedisRedLock\Day19.RedisRedLock.csproj", "{0E9081A6-A449-4512-A4D7-D720404E5174}"
EndProject
Project("{2150E333-8FDC-42A3-9474-1A3956D46DE8}") = "tests", "tests", "{5EC1E728-06BE-22F3-3CD1-7D9C712F4389}"
EndProject
Project("{FAE04EC0-301F-11D3-BF4B-00C04F79EFBC}") = "Day19.RedisRedLock.Tests", "Day19-Redis-RedLock-DistributedLocking\tests\Day19.RedisRedLock.Tests\Day19.RedisRedLock.Tests.csproj", "{70230501-18B2-4258-8419-141EE4416BD9}"
EndProject
Project("{2150E333-8FDC-42A3-9474-1A3956D46DE8}") = "Day20-Redis-Streams-PubSub", "Day20-Redis-Streams-PubSub", "{3DC65E9F-2620-6B2A-51E7-497DB8554695}"
EndProject
Project("{2150E333-8FDC-42A3-9474-1A3956D46DE8}") = "src", "src", "{DBE55A20-3B87-30B0-2098-9C10163C3114}"
EndProject
Project("{FAE04EC0-301F-11D3-BF4B-00C04F79EFBC}") = "Day20.RedisStreams", "Day20-Redis-Streams-PubSub\src\Day20.RedisStreams\Day20.RedisStreams.csproj", "{E756334E-FBEA-47C0-8075-EDA379B7A50C}"
EndProject
Project("{2150E333-8FDC-42A3-9474-1A3956D46DE8}") = "tests", "tests", "{787FE41E-B3D1-5914-0EF7-64F842990F68}"
EndProject
Project("{FAE04EC0-301F-11D3-BF4B-00C04F79EFBC}") = "Day20.RedisStreams.Tests", "Day20-Redis-Streams-PubSub\tests\Day20.RedisStreams.Tests\Day20.RedisStreams.Tests.csproj", "{B9C4E522-5C32-48F9-AB5B-7B5BD2E2A720}"
EndProject
Project("{2150E333-8FDC-42A3-9474-1A3956D46DE8}") = "Day21-Distributed-Cache-Architecture", "Day21-Distributed-Cache-Architecture", "{54A47994-D653-0ADA-08F1-7CFCF6DB8CDA}"
EndProject
Project("{2150E333-8FDC-42A3-9474-1A3956D46DE8}") = "src", "src", "{AED3592F-79F2-380D-CBC1-F4F9628657BE}"
EndProject
Project("{FAE04EC0-301F-11D3-BF4B-00C04F79EFBC}") = "Day21.DistributedCache", "Day21-Distributed-Cache-Architecture\src\Day21.DistributedCache\Day21.DistributedCache.csproj", "{EB52DD3F-7668-4B01-8111-74B0124AF0E4}"
EndProject
Project("{2150E333-8FDC-42A3-9474-1A3956D46DE8}") = "tests", "tests", "{1C007CF6-890D-C302-D5F2-F4612AC39215}"
EndProject
Project("{FAE04EC0-301F-11D3-BF4B-00C04F79EFBC}") = "Day21.DistributedCache.Tests", "Day21-Distributed-Cache-Architecture\tests\Day21.DistributedCache.Tests\Day21.DistributedCache.Tests.csproj", "{31A78895-5844-4800-A033-7EBFD821A262}"
EndProject
Project("{2150E333-8FDC-42A3-9474-1A3956D46DE8}") = "Day22-Rate-Limiter-Design", "Day22-Rate-Limiter-Design", "{FBCB9342-01CE-6489-BE2B-9F83A129B568}"
EndProject
Project("{2150E333-8FDC-42A3-9474-1A3956D46DE8}") = "src", "src", "{4FDA1729-ADCB-9295-DEFB-725203130A9D}"
EndProject
Project("{FAE04EC0-301F-11D3-BF4B-00C04F79EFBC}") = "Day22.RateLimiter", "Day22-Rate-Limiter-Design\src\Day22.RateLimiter\Day22.RateLimiter.csproj", "{2F315D5F-7C10-42DE-88A7-412C4C89A59A}"
EndProject
Project("{2150E333-8FDC-42A3-9474-1A3956D46DE8}") = "tests", "tests", "{ED089887-1B54-EDBB-8A35-59E6C0D2A1F4}"
EndProject
Project("{FAE04EC0-301F-11D3-BF4B-00C04F79EFBC}") = "Day22.RateLimiter.Tests", "Day22-Rate-Limiter-Design\tests\Day22.RateLimiter.Tests\Day22.RateLimiter.Tests.csproj", "{DAA0D26D-3311-4647-8887-2969486AD303}"
EndProject
Project("{2150E333-8FDC-42A3-9474-1A3956D46DE8}") = "Day23-Url-Shortener-TinyUrl", "Day23-Url-Shortener-TinyUrl", "{6F3CA0F5-AA38-2A05-6DE4-85D9C3DA03AD}"
EndProject
Project("{2150E333-8FDC-42A3-9474-1A3956D46DE8}") = "src", "src", "{25243B44-6FAC-8209-4B37-4E70C1773A3E}"
EndProject
Project("{FAE04EC0-301F-11D3-BF4B-00C04F79EFBC}") = "Day23.TinyUrl", "Day23-Url-Shortener-TinyUrl\src\Day23.TinyUrl\Day23.TinyUrl.csproj", "{FFC56698-A60F-4699-9C94-3A7B824628EF}"
EndProject
Project("{2150E333-8FDC-42A3-9474-1A3956D46DE8}") = "tests", "tests", "{4C07C35B-2059-547F-4021-D5FDFF5A6817}"
EndProject
Project("{FAE04EC0-301F-11D3-BF4B-00C04F79EFBC}") = "Day23.TinyUrl.Tests", "Day23-Url-Shortener-TinyUrl\tests\Day23.TinyUrl.Tests\Day23.TinyUrl.Tests.csproj", "{C0725F65-EAD7-4181-A903-4664E4B3E2F6}"
EndProject
Global
	GlobalSection(SolutionConfigurationPlatforms) = preSolution
		Debug|Any CPU = Debug|Any CPU
		Debug|x64 = Debug|x64
		Debug|x86 = Debug|x86
		Release|Any CPU = Release|Any CPU
		Release|x64 = Release|x64
		Release|x86 = Release|x86
	EndGlobalSection
	GlobalSection(ProjectConfigurationPlatforms) = postSolution
		{C0BD12E2-BF3C-4D7D-A604-E998C6578454}.Debug|Any CPU.ActiveCfg = Debug|Any CPU
		{C0BD12E2-BF3C-4D7D-A604-E998C6578454}.Debug|Any CPU.Build.0 = Debug|Any CPU
		{C0BD12E2-BF3C-4D7D-A604-E998C6578454}.Debug|x64.ActiveCfg = Debug|Any CPU
		{C0BD12E2-BF3C-4D7D-A604-E998C6578454}.Debug|x64.Build.0 = Debug|Any CPU
		{C0BD12E2-BF3C-4D7D-A604-E998C6578454}.Debug|x86.ActiveCfg = Debug|Any CPU
		{C0BD12E2-BF3C-4D7D-A604-E998C6578454}.Debug|x86.Build.0 = Debug|Any CPU
		{C0BD12E2-BF3C-4D7D-A604-E998C6578454}.Release|Any CPU.ActiveCfg = Release|Any CPU
		{C0BD12E2-BF3C-4D7D-A604-E998C6578454}.Release|Any CPU.Build.0 = Release|Any CPU
		{C0BD12E2-BF3C-4D7D-A604-E998C6578454}.Release|x64.ActiveCfg = Release|Any CPU
		{C0BD12E2-BF3C-4D7D-A604-E998C6578454}.Release|x64.Build.0 = Release|Any CPU
		{C0BD12E2-BF3C-4D7D-A604-E998C6578454}.Release|x86.ActiveCfg = Release|Any CPU
		{C0BD12E2-BF3C-4D7D-A604-E998C6578454}.Release|x86.Build.0 = Release|Any CPU
		{DB9721EE-4895-47FA-8DF2-B903BA9F2448}.Debug|Any CPU.ActiveCfg = Debug|Any CPU
		{DB9721EE-4895-47FA-8DF2-B903BA9F2448}.Debug|Any CPU.Build.0 = Debug|Any CPU
		{DB9721EE-4895-47FA-8DF2-B903BA9F2448}.Debug|x64.ActiveCfg = Debug|Any CPU
		{DB9721EE-4895-47FA-8DF2-B903BA9F2448}.Debug|x64.Build.0 = Debug|Any CPU
		{DB9721EE-4895-47FA-8DF2-B903BA9F2448}.Debug|x86.ActiveCfg = Debug|Any CPU
		{DB9721EE-4895-47FA-8DF2-B903BA9F2448}.Debug|x86.Build.0 = Debug|Any CPU
		{DB9721EE-4895-47FA-8DF2-B903BA9F2448}.Release|Any CPU.ActiveCfg = Release|Any CPU
		{DB9721EE-4895-47FA-8DF2-B903BA9F2448}.Release|Any CPU.Build.0 = Release|Any CPU
		{DB9721EE-4895-47FA-8DF2-B903BA9F2448}.Release|x64.ActiveCfg = Release|Any CPU
		{DB9721EE-4895-47FA-8DF2-B903BA9F2448}.Release|x64.Build.0 = Release|Any CPU
		{DB9721EE-4895-47FA-8DF2-B903BA9F2448}.Release|x86.ActiveCfg = Release|Any CPU
		{DB9721EE-4895-47FA-8DF2-B903BA9F2448}.Release|x86.Build.0 = Release|Any CPU
		{4B7D9607-1637-4F25-B7D8-C5DC2A53C379}.Debug|Any CPU.ActiveCfg = Debug|Any CPU
		{4B7D9607-1637-4F25-B7D8-C5DC2A53C379}.Debug|Any CPU.Build.0 = Debug|Any CPU
		{4B7D9607-1637-4F25-B7D8-C5DC2A53C379}.Debug|x64.ActiveCfg = Debug|Any CPU
		{4B7D9607-1637-4F25-B7D8-C5DC2A53C379}.Debug|x64.Build.0 = Debug|Any CPU
		{4B7D9607-1637-4F25-B7D8-C5DC2A53C379}.Debug|x86.ActiveCfg = Debug|Any CPU
		{4B7D9607-1637-4F25-B7D8-C5DC2A53C379}.Debug|x86.Build.0 = Debug|Any CPU
		{4B7D9607-1637-4F25-B7D8-C5DC2A53C379}.Release|Any CPU.ActiveCfg = Release|Any CPU
		{4B7D9607-1637-4F25-B7D8-C5DC2A53C379}.Release|Any CPU.Build.0 = Release|Any CPU
		{4B7D9607-1637-4F25-B7D8-C5DC2A53C379}.Release|x64.ActiveCfg = Release|Any CPU
		{4B7D9607-1637-4F25-B7D8-C5DC2A53C379}.Release|x64.Build.0 = Release|Any CPU
		{4B7D9607-1637-4F25-B7D8-C5DC2A53C379}.Release|x86.ActiveCfg = Release|Any CPU
		{4B7D9607-1637-4F25-B7D8-C5DC2A53C379}.Release|x86.Build.0 = Release|Any CPU
		{344B10E6-0AA3-4FC7-9159-22F48EDABC88}.Debug|Any CPU.ActiveCfg = Debug|Any CPU
		{344B10E6-0AA3-4FC7-9159-22F48EDABC88}.Debug|Any CPU.Build.0 = Debug|Any CPU
		{344B10E6-0AA3-4FC7-9159-22F48EDABC88}.Debug|x64.ActiveCfg = Debug|Any CPU
		{344B10E6-0AA3-4FC7-9159-22F48EDABC88}.Debug|x64.Build.0 = Debug|Any CPU
		{344B10E6-0AA3-4FC7-9159-22F48EDABC88}.Debug|x86.ActiveCfg = Debug|Any CPU
		{344B10E6-0AA3-4FC7-9159-22F48EDABC88}.Debug|x86.Build.0 = Debug|Any CPU
		{344B10E6-0AA3-4FC7-9159-22F48EDABC88}.Release|Any CPU.ActiveCfg = Release|Any CPU
		{344B10E6-0AA3-4FC7-9159-22F48EDABC88}.Release|Any CPU.Build.0 = Release|Any CPU
		{344B10E6-0AA3-4FC7-9159-22F48EDABC88}.Release|x64.ActiveCfg = Release|Any CPU
		{344B10E6-0AA3-4FC7-9159-22F48EDABC88}.Release|x64.Build.0 = Release|Any CPU
		{344B10E6-0AA3-4FC7-9159-22F48EDABC88}.Release|x86.ActiveCfg = Release|Any CPU
		{344B10E6-0AA3-4FC7-9159-22F48EDABC88}.Release|x86.Build.0 = Release|Any CPU
		{15EACAA6-B015-44F1-9495-101BE79E7C1C}.Debug|Any CPU.ActiveCfg = Debug|Any CPU
		{15EACAA6-B015-44F1-9495-101BE79E7C1C}.Debug|Any CPU.Build.0 = Debug|Any CPU
		{15EACAA6-B015-44F1-9495-101BE79E7C1C}.Debug|x64.ActiveCfg = Debug|Any CPU
		{15EACAA6-B015-44F1-9495-101BE79E7C1C}.Debug|x64.Build.0 = Debug|Any CPU
		{15EACAA6-B015-44F1-9495-101BE79E7C1C}.Debug|x86.ActiveCfg = Debug|Any CPU
		{15EACAA6-B015-44F1-9495-101BE79E7C1C}.Debug|x86.Build.0 = Debug|Any CPU
		{15EACAA6-B015-44F1-9495-101BE79E7C1C}.Release|Any CPU.ActiveCfg = Release|Any CPU
		{15EACAA6-B015-44F1-9495-101BE79E7C1C}.Release|Any CPU.Build.0 = Release|Any CPU
		{15EACAA6-B015-44F1-9495-101BE79E7C1C}.Release|x64.ActiveCfg = Release|Any CPU
		{15EACAA6-B015-44F1-9495-101BE79E7C1C}.Release|x64.Build.0 = Release|Any CPU
		{15EACAA6-B015-44F1-9495-101BE79E7C1C}.Release|x86.ActiveCfg = Release|Any CPU
		{15EACAA6-B015-44F1-9495-101BE79E7C1C}.Release|x86.Build.0 = Release|Any CPU
		{AFAFEF88-E364-4654-820D-C75C38CFE284}.Debug|Any CPU.ActiveCfg = Debug|Any CPU
		{AFAFEF88-E364-4654-820D-C75C38CFE284}.Debug|Any CPU.Build.0 = Debug|Any CPU
		{AFAFEF88-E364-4654-820D-C75C38CFE284}.Debug|x64.ActiveCfg = Debug|Any CPU
		{AFAFEF88-E364-4654-820D-C75C38CFE284}.Debug|x64.Build.0 = Debug|Any CPU
		{AFAFEF88-E364-4654-820D-C75C38CFE284}.Debug|x86.ActiveCfg = Debug|Any CPU
		{AFAFEF88-E364-4654-820D-C75C38CFE284}.Debug|x86.Build.0 = Debug|Any CPU
		{AFAFEF88-E364-4654-820D-C75C38CFE284}.Release|Any CPU.ActiveCfg = Release|Any CPU
		{AFAFEF88-E364-4654-820D-C75C38CFE284}.Release|Any CPU.Build.0 = Release|Any CPU
		{AFAFEF88-E364-4654-820D-C75C38CFE284}.Release|x64.ActiveCfg = Release|Any CPU
		{AFAFEF88-E364-4654-820D-C75C38CFE284}.Release|x64.Build.0 = Release|Any CPU
		{AFAFEF88-E364-4654-820D-C75C38CFE284}.Release|x86.ActiveCfg = Release|Any CPU
		{AFAFEF88-E364-4654-820D-C75C38CFE284}.Release|x86.Build.0 = Release|Any CPU
		{97FE433D-E529-4B8A-A20E-C1679061D567}.Debug|Any CPU.ActiveCfg = Debug|Any CPU
		{97FE433D-E529-4B8A-A20E-C1679061D567}.Debug|Any CPU.Build.0 = Debug|Any CPU
		{97FE433D-E529-4B8A-A20E-C1679061D567}.Debug|x64.ActiveCfg = Debug|Any CPU
		{97FE433D-E529-4B8A-A20E-C1679061D567}.Debug|x64.Build.0 = Debug|Any CPU
		{97FE433D-E529-4B8A-A20E-C1679061D567}.Debug|x86.ActiveCfg = Debug|Any CPU
		{97FE433D-E529-4B8A-A20E-C1679061D567}.Debug|x86.Build.0 = Debug|Any CPU
		{97FE433D-E529-4B8A-A20E-C1679061D567}.Release|Any CPU.ActiveCfg = Release|Any CPU
		{97FE433D-E529-4B8A-A20E-C1679061D567}.Release|Any CPU.Build.0 = Release|Any CPU
		{97FE433D-E529-4B8A-A20E-C1679061D567}.Release|x64.ActiveCfg = Release|Any CPU
		{97FE433D-E529-4B8A-A20E-C1679061D567}.Release|x64.Build.0 = Release|Any CPU
		{97FE433D-E529-4B8A-A20E-C1679061D567}.Release|x86.ActiveCfg = Release|Any CPU
		{97FE433D-E529-4B8A-A20E-C1679061D567}.Release|x86.Build.0 = Release|Any CPU
		{E5683171-7CC4-440B-8E74-005BB1C00BDA}.Debug|Any CPU.ActiveCfg = Debug|Any CPU
		{E5683171-7CC4-440B-8E74-005BB1C00BDA}.Debug|Any CPU.Build.0 = Debug|Any CPU
		{E5683171-7CC4-440B-8E74-005BB1C00BDA}.Debug|x64.ActiveCfg = Debug|Any CPU
		{E5683171-7CC4-440B-8E74-005BB1C00BDA}.Debug|x64.Build.0 = Debug|Any CPU
		{E5683171-7CC4-440B-8E74-005BB1C00BDA}.Debug|x86.ActiveCfg = Debug|Any CPU
		{E5683171-7CC4-440B-8E74-005BB1C00BDA}.Debug|x86.Build.0 = Debug|Any CPU
		{E5683171-7CC4-440B-8E74-005BB1C00BDA}.Release|Any CPU.ActiveCfg = Release|Any CPU
		{E5683171-7CC4-440B-8E74-005BB1C00BDA}.Release|Any CPU.Build.0 = Release|Any CPU
		{E5683171-7CC4-440B-8E74-005BB1C00BDA}.Release|x64.ActiveCfg = Release|Any CPU
		{E5683171-7CC4-440B-8E74-005BB1C00BDA}.Release|x64.Build.0 = Release|Any CPU
		{E5683171-7CC4-440B-8E74-005BB1C00BDA}.Release|x86.ActiveCfg = Release|Any CPU
		{E5683171-7CC4-440B-8E74-005BB1C00BDA}.Release|x86.Build.0 = Release|Any CPU
		{16DDF914-27E6-4AD2-A11C-94F297E45D5A}.Debug|Any CPU.ActiveCfg = Debug|Any CPU
		{16DDF914-27E6-4AD2-A11C-94F297E45D5A}.Debug|Any CPU.Build.0 = Debug|Any CPU
		{16DDF914-27E6-4AD2-A11C-94F297E45D5A}.Debug|x64.ActiveCfg = Debug|Any CPU
		{16DDF914-27E6-4AD2-A11C-94F297E45D5A}.Debug|x64.Build.0 = Debug|Any CPU
		{16DDF914-27E6-4AD2-A11C-94F297E45D5A}.Debug|x86.ActiveCfg = Debug|Any CPU
		{16DDF914-27E6-4AD2-A11C-94F297E45D5A}.Debug|x86.Build.0 = Debug|Any CPU
		{16DDF914-27E6-4AD2-A11C-94F297E45D5A}.Release|Any CPU.ActiveCfg = Release|Any CPU
		{16DDF914-27E6-4AD2-A11C-94F297E45D5A}.Release|Any CPU.Build.0 = Release|Any CPU
		{16DDF914-27E6-4AD2-A11C-94F297E45D5A}.Release|x64.ActiveCfg = Release|Any CPU
		{16DDF914-27E6-4AD2-A11C-94F297E45D5A}.Release|x64.Build.0 = Release|Any CPU
		{16DDF914-27E6-4AD2-A11C-94F297E45D5A}.Release|x86.ActiveCfg = Release|Any CPU
		{16DDF914-27E6-4AD2-A11C-94F297E45D5A}.Release|x86.Build.0 = Release|Any CPU
		{ACBE355D-9F78-46D9-BFF7-AE2F116D6F5D}.Debug|Any CPU.ActiveCfg = Debug|Any CPU
		{ACBE355D-9F78-46D9-BFF7-AE2F116D6F5D}.Debug|Any CPU.Build.0 = Debug|Any CPU
		{ACBE355D-9F78-46D9-BFF7-AE2F116D6F5D}.Debug|x64.ActiveCfg = Debug|Any CPU
		{ACBE355D-9F78-46D9-BFF7-AE2F116D6F5D}.Debug|x64.Build.0 = Debug|Any CPU
		{ACBE355D-9F78-46D9-BFF7-AE2F116D6F5D}.Debug|x86.ActiveCfg = Debug|Any CPU
		{ACBE355D-9F78-46D9-BFF7-AE2F116D6F5D}.Debug|x86.Build.0 = Debug|Any CPU
		{ACBE355D-9F78-46D9-BFF7-AE2F116D6F5D}.Release|Any CPU.ActiveCfg = Release|Any CPU
		{ACBE355D-9F78-46D9-BFF7-AE2F116D6F5D}.Release|Any CPU.Build.0 = Release|Any CPU
		{ACBE355D-9F78-46D9-BFF7-AE2F116D6F5D}.Release|x64.ActiveCfg = Release|Any CPU
		{ACBE355D-9F78-46D9-BFF7-AE2F116D6F5D}.Release|x64.Build.0 = Release|Any CPU
		{ACBE355D-9F78-46D9-BFF7-AE2F116D6F5D}.Release|x86.ActiveCfg = Release|Any CPU
		{ACBE355D-9F78-46D9-BFF7-AE2F116D6F5D}.Release|x86.Build.0 = Release|Any CPU
		{F47DD84F-03D5-4124-A86D-9D20F4FA74B3}.Debug|Any CPU.ActiveCfg = Debug|Any CPU
		{F47DD84F-03D5-4124-A86D-9D20F4FA74B3}.Debug|Any CPU.Build.0 = Debug|Any CPU
		{F47DD84F-03D5-4124-A86D-9D20F4FA74B3}.Debug|x64.ActiveCfg = Debug|Any CPU
		{F47DD84F-03D5-4124-A86D-9D20F4FA74B3}.Debug|x64.Build.0 = Debug|Any CPU
		{F47DD84F-03D5-4124-A86D-9D20F4FA74B3}.Debug|x86.ActiveCfg = Debug|Any CPU
		{F47DD84F-03D5-4124-A86D-9D20F4FA74B3}.Debug|x86.Build.0 = Debug|Any CPU
		{F47DD84F-03D5-4124-A86D-9D20F4FA74B3}.Release|Any CPU.ActiveCfg = Release|Any CPU
		{F47DD84F-03D5-4124-A86D-9D20F4FA74B3}.Release|Any CPU.Build.0 = Release|Any CPU
		{F47DD84F-03D5-4124-A86D-9D20F4FA74B3}.Release|x64.ActiveCfg = Release|Any CPU
		{F47DD84F-03D5-4124-A86D-9D20F4FA74B3}.Release|x64.Build.0 = Release|Any CPU
		{F47DD84F-03D5-4124-A86D-9D20F4FA74B3}.Release|x86.ActiveCfg = Release|Any CPU
		{F47DD84F-03D5-4124-A86D-9D20F4FA74B3}.Release|x86.Build.0 = Release|Any CPU
		{01C86B6F-840E-415C-8D2A-398BDA5F0F09}.Debug|Any CPU.ActiveCfg = Debug|Any CPU
		{01C86B6F-840E-415C-8D2A-398BDA5F0F09}.Debug|Any CPU.Build.0 = Debug|Any CPU
		{01C86B6F-840E-415C-8D2A-398BDA5F0F09}.Debug|x64.ActiveCfg = Debug|Any CPU
		{01C86B6F-840E-415C-8D2A-398BDA5F0F09}.Debug|x64.Build.0 = Debug|Any CPU
		{01C86B6F-840E-415C-8D2A-398BDA5F0F09}.Debug|x86.ActiveCfg = Debug|Any CPU
		{01C86B6F-840E-415C-8D2A-398BDA5F0F09}.Debug|x86.Build.0 = Debug|Any CPU
		{01C86B6F-840E-415C-8D2A-398BDA5F0F09}.Release|Any CPU.ActiveCfg = Release|Any CPU
		{01C86B6F-840E-415C-8D2A-398BDA5F0F09}.Release|Any CPU.Build.0 = Release|Any CPU
		{01C86B6F-840E-415C-8D2A-398BDA5F0F09}.Release|x64.ActiveCfg = Release|Any CPU
		{01C86B6F-840E-415C-8D2A-398BDA5F0F09}.Release|x64.Build.0 = Release|Any CPU
		{01C86B6F-840E-415C-8D2A-398BDA5F0F09}.Release|x86.ActiveCfg = Release|Any CPU
		{01C86B6F-840E-415C-8D2A-398BDA5F0F09}.Release|x86.Build.0 = Release|Any CPU
		{6F7B3E6F-390F-4A6A-A943-5E7520BBE2A7}.Debug|Any CPU.ActiveCfg = Debug|Any CPU
		{6F7B3E6F-390F-4A6A-A943-5E7520BBE2A7}.Debug|Any CPU.Build.0 = Debug|Any CPU
		{6F7B3E6F-390F-4A6A-A943-5E7520BBE2A7}.Debug|x64.ActiveCfg = Debug|Any CPU
		{6F7B3E6F-390F-4A6A-A943-5E7520BBE2A7}.Debug|x64.Build.0 = Debug|Any CPU
		{6F7B3E6F-390F-4A6A-A943-5E7520BBE2A7}.Debug|x86.ActiveCfg = Debug|Any CPU
		{6F7B3E6F-390F-4A6A-A943-5E7520BBE2A7}.Debug|x86.Build.0 = Debug|Any CPU
		{6F7B3E6F-390F-4A6A-A943-5E7520BBE2A7}.Release|Any CPU.ActiveCfg = Release|Any CPU
		{6F7B3E6F-390F-4A6A-A943-5E7520BBE2A7}.Release|Any CPU.Build.0 = Release|Any CPU
		{6F7B3E6F-390F-4A6A-A943-5E7520BBE2A7}.Release|x64.ActiveCfg = Release|Any CPU
		{6F7B3E6F-390F-4A6A-A943-5E7520BBE2A7}.Release|x64.Build.0 = Release|Any CPU
		{6F7B3E6F-390F-4A6A-A943-5E7520BBE2A7}.Release|x86.ActiveCfg = Release|Any CPU
		{6F7B3E6F-390F-4A6A-A943-5E7520BBE2A7}.Release|x86.Build.0 = Release|Any CPU
		{48B05FFA-90DA-4CFA-BFBF-CBAA386BA9FE}.Debug|Any CPU.ActiveCfg = Debug|Any CPU
		{48B05FFA-90DA-4CFA-BFBF-CBAA386BA9FE}.Debug|Any CPU.Build.0 = Debug|Any CPU
		{48B05FFA-90DA-4CFA-BFBF-CBAA386BA9FE}.Debug|x64.ActiveCfg = Debug|Any CPU
		{48B05FFA-90DA-4CFA-BFBF-CBAA386BA9FE}.Debug|x64.Build.0 = Debug|Any CPU
		{48B05FFA-90DA-4CFA-BFBF-CBAA386BA9FE}.Debug|x86.ActiveCfg = Debug|Any CPU
		{48B05FFA-90DA-4CFA-BFBF-CBAA386BA9FE}.Debug|x86.Build.0 = Debug|Any CPU
		{48B05FFA-90DA-4CFA-BFBF-CBAA386BA9FE}.Release|Any CPU.ActiveCfg = Release|Any CPU
		{48B05FFA-90DA-4CFA-BFBF-CBAA386BA9FE}.Release|Any CPU.Build.0 = Release|Any CPU
		{48B05FFA-90DA-4CFA-BFBF-CBAA386BA9FE}.Release|x64.ActiveCfg = Release|Any CPU
		{48B05FFA-90DA-4CFA-BFBF-CBAA386BA9FE}.Release|x64.Build.0 = Release|Any CPU
		{48B05FFA-90DA-4CFA-BFBF-CBAA386BA9FE}.Release|x86.ActiveCfg = Release|Any CPU
		{48B05FFA-90DA-4CFA-BFBF-CBAA386BA9FE}.Release|x86.Build.0 = Release|Any CPU
		{C5D5F6E8-1FAE-4146-925D-D9DE71511EF1}.Debug|Any CPU.ActiveCfg = Debug|Any CPU
		{C5D5F6E8-1FAE-4146-925D-D9DE71511EF1}.Debug|Any CPU.Build.0 = Debug|Any CPU
		{C5D5F6E8-1FAE-4146-925D-D9DE71511EF1}.Debug|x64.ActiveCfg = Debug|Any CPU
		{C5D5F6E8-1FAE-4146-925D-D9DE71511EF1}.Debug|x64.Build.0 = Debug|Any CPU
		{C5D5F6E8-1FAE-4146-925D-D9DE71511EF1}.Debug|x86.ActiveCfg = Debug|Any CPU
		{C5D5F6E8-1FAE-4146-925D-D9DE71511EF1}.Debug|x86.Build.0 = Debug|Any CPU
		{C5D5F6E8-1FAE-4146-925D-D9DE71511EF1}.Release|Any CPU.ActiveCfg = Release|Any CPU
		{C5D5F6E8-1FAE-4146-925D-D9DE71511EF1}.Release|Any CPU.Build.0 = Release|Any CPU
		{C5D5F6E8-1FAE-4146-925D-D9DE71511EF1}.Release|x64.ActiveCfg = Release|Any CPU
		{C5D5F6E8-1FAE-4146-925D-D9DE71511EF1}.Release|x64.Build.0 = Release|Any CPU
		{C5D5F6E8-1FAE-4146-925D-D9DE71511EF1}.Release|x86.ActiveCfg = Release|Any CPU
		{C5D5F6E8-1FAE-4146-925D-D9DE71511EF1}.Release|x86.Build.0 = Release|Any CPU
		{5B84111F-D5ED-4DF8-8943-DFA48ADE85C0}.Debug|Any CPU.ActiveCfg = Debug|Any CPU
		{5B84111F-D5ED-4DF8-8943-DFA48ADE85C0}.Debug|Any CPU.Build.0 = Debug|Any CPU
		{5B84111F-D5ED-4DF8-8943-DFA48ADE85C0}.Debug|x64.ActiveCfg = Debug|Any CPU
		{5B84111F-D5ED-4DF8-8943-DFA48ADE85C0}.Debug|x64.Build.0 = Debug|Any CPU
		{5B84111F-D5ED-4DF8-8943-DFA48ADE85C0}.Debug|x86.ActiveCfg = Debug|Any CPU
		{5B84111F-D5ED-4DF8-8943-DFA48ADE85C0}.Debug|x86.Build.0 = Debug|Any CPU
		{5B84111F-D5ED-4DF8-8943-DFA48ADE85C0}.Release|Any CPU.ActiveCfg = Release|Any CPU
		{5B84111F-D5ED-4DF8-8943-DFA48ADE85C0}.Release|Any CPU.Build.0 = Release|Any CPU
		{5B84111F-D5ED-4DF8-8943-DFA48ADE85C0}.Release|x64.ActiveCfg = Release|Any CPU
		{5B84111F-D5ED-4DF8-8943-DFA48ADE85C0}.Release|x64.Build.0 = Release|Any CPU
		{5B84111F-D5ED-4DF8-8943-DFA48ADE85C0}.Release|x86.ActiveCfg = Release|Any CPU
		{5B84111F-D5ED-4DF8-8943-DFA48ADE85C0}.Release|x86.Build.0 = Release|Any CPU
		{1A151ABA-BF97-42A4-AC56-CB8A87B3C134}.Debug|Any CPU.ActiveCfg = Debug|Any CPU
		{1A151ABA-BF97-42A4-AC56-CB8A87B3C134}.Debug|Any CPU.Build.0 = Debug|Any CPU
		{1A151ABA-BF97-42A4-AC56-CB8A87B3C134}.Debug|x64.ActiveCfg = Debug|Any CPU
		{1A151ABA-BF97-42A4-AC56-CB8A87B3C134}.Debug|x64.Build.0 = Debug|Any CPU
		{1A151ABA-BF97-42A4-AC56-CB8A87B3C134}.Debug|x86.ActiveCfg = Debug|Any CPU
		{1A151ABA-BF97-42A4-AC56-CB8A87B3C134}.Debug|x86.Build.0 = Debug|Any CPU
		{1A151ABA-BF97-42A4-AC56-CB8A87B3C134}.Release|Any CPU.ActiveCfg = Release|Any CPU
		{1A151ABA-BF97-42A4-AC56-CB8A87B3C134}.Release|Any CPU.Build.0 = Release|Any CPU
		{1A151ABA-BF97-42A4-AC56-CB8A87B3C134}.Release|x64.ActiveCfg = Release|Any CPU
		{1A151ABA-BF97-42A4-AC56-CB8A87B3C134}.Release|x64.Build.0 = Release|Any CPU
		{1A151ABA-BF97-42A4-AC56-CB8A87B3C134}.Release|x86.ActiveCfg = Release|Any CPU
		{1A151ABA-BF97-42A4-AC56-CB8A87B3C134}.Release|x86.Build.0 = Release|Any CPU
		{01026736-A6A0-49CE-BF36-00B8BB00BB66}.Debug|Any CPU.ActiveCfg = Debug|Any CPU
		{01026736-A6A0-49CE-BF36-00B8BB00BB66}.Debug|Any CPU.Build.0 = Debug|Any CPU
		{01026736-A6A0-49CE-BF36-00B8BB00BB66}.Debug|x64.ActiveCfg = Debug|Any CPU
		{01026736-A6A0-49CE-BF36-00B8BB00BB66}.Debug|x64.Build.0 = Debug|Any CPU
		{01026736-A6A0-49CE-BF36-00B8BB00BB66}.Debug|x86.ActiveCfg = Debug|Any CPU
		{01026736-A6A0-49CE-BF36-00B8BB00BB66}.Debug|x86.Build.0 = Debug|Any CPU
		{01026736-A6A0-49CE-BF36-00B8BB00BB66}.Release|Any CPU.ActiveCfg = Release|Any CPU
		{01026736-A6A0-49CE-BF36-00B8BB00BB66}.Release|Any CPU.Build.0 = Release|Any CPU
		{01026736-A6A0-49CE-BF36-00B8BB00BB66}.Release|x64.ActiveCfg = Release|Any CPU
		{01026736-A6A0-49CE-BF36-00B8BB00BB66}.Release|x64.Build.0 = Release|Any CPU
		{01026736-A6A0-49CE-BF36-00B8BB00BB66}.Release|x86.ActiveCfg = Release|Any CPU
		{01026736-A6A0-49CE-BF36-00B8BB00BB66}.Release|x86.Build.0 = Release|Any CPU
		{30EF5DE8-C939-4FE2-8177-48B98243769A}.Debug|Any CPU.ActiveCfg = Debug|Any CPU
		{30EF5DE8-C939-4FE2-8177-48B98243769A}.Debug|Any CPU.Build.0 = Debug|Any CPU
		{30EF5DE8-C939-4FE2-8177-48B98243769A}.Debug|x64.ActiveCfg = Debug|Any CPU
		{30EF5DE8-C939-4FE2-8177-48B98243769A}.Debug|x64.Build.0 = Debug|Any CPU
		{30EF5DE8-C939-4FE2-8177-48B98243769A}.Debug|x86.ActiveCfg = Debug|Any CPU
		{30EF5DE8-C939-4FE2-8177-48B98243769A}.Debug|x86.Build.0 = Debug|Any CPU
		{30EF5DE8-C939-4FE2-8177-48B98243769A}.Release|Any CPU.ActiveCfg = Release|Any CPU
		{30EF5DE8-C939-4FE2-8177-48B98243769A}.Release|Any CPU.Build.0 = Release|Any CPU
		{30EF5DE8-C939-4FE2-8177-48B98243769A}.Release|x64.ActiveCfg = Release|Any CPU
		{30EF5DE8-C939-4FE2-8177-48B98243769A}.Release|x64.Build.0 = Release|Any CPU
		{30EF5DE8-C939-4FE2-8177-48B98243769A}.Release|x86.ActiveCfg = Release|Any CPU
		{30EF5DE8-C939-4FE2-8177-48B98243769A}.Release|x86.Build.0 = Release|Any CPU
		{825EFE04-698B-440C-92F7-2CFF3DFFE557}.Debug|Any CPU.ActiveCfg = Debug|Any CPU
		{825EFE04-698B-440C-92F7-2CFF3DFFE557}.Debug|Any CPU.Build.0 = Debug|Any CPU
		{825EFE04-698B-440C-92F7-2CFF3DFFE557}.Debug|x64.ActiveCfg = Debug|Any CPU
		{825EFE04-698B-440C-92F7-2CFF3DFFE557}.Debug|x64.Build.0 = Debug|Any CPU
		{825EFE04-698B-440C-92F7-2CFF3DFFE557}.Debug|x86.ActiveCfg = Debug|Any CPU
		{825EFE04-698B-440C-92F7-2CFF3DFFE557}.Debug|x86.Build.0 = Debug|Any CPU
		{825EFE04-698B-440C-92F7-2CFF3DFFE557}.Release|Any CPU.ActiveCfg = Release|Any CPU
		{825EFE04-698B-440C-92F7-2CFF3DFFE557}.Release|Any CPU.Build.0 = Release|Any CPU
		{825EFE04-698B-440C-92F7-2CFF3DFFE557}.Release|x64.ActiveCfg = Release|Any CPU
		{825EFE04-698B-440C-92F7-2CFF3DFFE557}.Release|x64.Build.0 = Release|Any CPU
		{825EFE04-698B-440C-92F7-2CFF3DFFE557}.Release|x86.ActiveCfg = Release|Any CPU
		{825EFE04-698B-440C-92F7-2CFF3DFFE557}.Release|x86.Build.0 = Release|Any CPU
		{BEF93731-80F4-4442-9132-0A4790A6CE4D}.Debug|Any CPU.ActiveCfg = Debug|Any CPU
		{BEF93731-80F4-4442-9132-0A4790A6CE4D}.Debug|Any CPU.Build.0 = Debug|Any CPU
		{BEF93731-80F4-4442-9132-0A4790A6CE4D}.Debug|x64.ActiveCfg = Debug|Any CPU
		{BEF93731-80F4-4442-9132-0A4790A6CE4D}.Debug|x64.Build.0 = Debug|Any CPU
		{BEF93731-80F4-4442-9132-0A4790A6CE4D}.Debug|x86.ActiveCfg = Debug|Any CPU
		{BEF93731-80F4-4442-9132-0A4790A6CE4D}.Debug|x86.Build.0 = Debug|Any CPU
		{BEF93731-80F4-4442-9132-0A4790A6CE4D}.Release|Any CPU.ActiveCfg = Release|Any CPU
		{BEF93731-80F4-4442-9132-0A4790A6CE4D}.Release|Any CPU.Build.0 = Release|Any CPU
		{BEF93731-80F4-4442-9132-0A4790A6CE4D}.Release|x64.ActiveCfg = Release|Any CPU
		{BEF93731-80F4-4442-9132-0A4790A6CE4D}.Release|x64.Build.0 = Release|Any CPU
		{BEF93731-80F4-4442-9132-0A4790A6CE4D}.Release|x86.ActiveCfg = Release|Any CPU
		{BEF93731-80F4-4442-9132-0A4790A6CE4D}.Release|x86.Build.0 = Release|Any CPU
		{4CACEB06-2F55-44A9-98D1-E44DC97A2459}.Debug|Any CPU.ActiveCfg = Debug|Any CPU
		{4CACEB06-2F55-44A9-98D1-E44DC97A2459}.Debug|Any CPU.Build.0 = Debug|Any CPU
		{4CACEB06-2F55-44A9-98D1-E44DC97A2459}.Debug|x64.ActiveCfg = Debug|Any CPU
		{4CACEB06-2F55-44A9-98D1-E44DC97A2459}.Debug|x64.Build.0 = Debug|Any CPU
		{4CACEB06-2F55-44A9-98D1-E44DC97A2459}.Debug|x86.ActiveCfg = Debug|Any CPU
		{4CACEB06-2F55-44A9-98D1-E44DC97A2459}.Debug|x86.Build.0 = Debug|Any CPU
		{4CACEB06-2F55-44A9-98D1-E44DC97A2459}.Release|Any CPU.ActiveCfg = Release|Any CPU
		{4CACEB06-2F55-44A9-98D1-E44DC97A2459}.Release|Any CPU.Build.0 = Release|Any CPU
		{4CACEB06-2F55-44A9-98D1-E44DC97A2459}.Release|x64.ActiveCfg = Release|Any CPU
		{4CACEB06-2F55-44A9-98D1-E44DC97A2459}.Release|x64.Build.0 = Release|Any CPU
		{4CACEB06-2F55-44A9-98D1-E44DC97A2459}.Release|x86.ActiveCfg = Release|Any CPU
		{4CACEB06-2F55-44A9-98D1-E44DC97A2459}.Release|x86.Build.0 = Release|Any CPU
		{1807E692-09FE-4C34-906B-EAD96E6500C9}.Debug|Any CPU.ActiveCfg = Debug|Any CPU
		{1807E692-09FE-4C34-906B-EAD96E6500C9}.Debug|Any CPU.Build.0 = Debug|Any CPU
		{1807E692-09FE-4C34-906B-EAD96E6500C9}.Debug|x64.ActiveCfg = Debug|Any CPU
		{1807E692-09FE-4C34-906B-EAD96E6500C9}.Debug|x64.Build.0 = Debug|Any CPU
		{1807E692-09FE-4C34-906B-EAD96E6500C9}.Debug|x86.ActiveCfg = Debug|Any CPU
		{1807E692-09FE-4C34-906B-EAD96E6500C9}.Debug|x86.Build.0 = Debug|Any CPU
		{1807E692-09FE-4C34-906B-EAD96E6500C9}.Release|Any CPU.ActiveCfg = Release|Any CPU
		{1807E692-09FE-4C34-906B-EAD96E6500C9}.Release|Any CPU.Build.0 = Release|Any CPU
		{1807E692-09FE-4C34-906B-EAD96E6500C9}.Release|x64.ActiveCfg = Release|Any CPU
		{1807E692-09FE-4C34-906B-EAD96E6500C9}.Release|x64.Build.0 = Release|Any CPU
		{1807E692-09FE-4C34-906B-EAD96E6500C9}.Release|x86.ActiveCfg = Release|Any CPU
		{1807E692-09FE-4C34-906B-EAD96E6500C9}.Release|x86.Build.0 = Release|Any CPU
		{8713C80D-8BB5-478A-B293-7C414C6BC1F2}.Debug|Any CPU.ActiveCfg = Debug|Any CPU
		{8713C80D-8BB5-478A-B293-7C414C6BC1F2}.Debug|Any CPU.Build.0 = Debug|Any CPU
		{8713C80D-8BB5-478A-B293-7C414C6BC1F2}.Debug|x64.ActiveCfg = Debug|Any CPU
		{8713C80D-8BB5-478A-B293-7C414C6BC1F2}.Debug|x64.Build.0 = Debug|Any CPU
		{8713C80D-8BB5-478A-B293-7C414C6BC1F2}.Debug|x86.ActiveCfg = Debug|Any CPU
		{8713C80D-8BB5-478A-B293-7C414C6BC1F2}.Debug|x86.Build.0 = Debug|Any CPU
		{8713C80D-8BB5-478A-B293-7C414C6BC1F2}.Release|Any CPU.ActiveCfg = Release|Any CPU
		{8713C80D-8BB5-478A-B293-7C414C6BC1F2}.Release|Any CPU.Build.0 = Release|Any CPU
		{8713C80D-8BB5-478A-B293-7C414C6BC1F2}.Release|x64.ActiveCfg = Release|Any CPU
		{8713C80D-8BB5-478A-B293-7C414C6BC1F2}.Release|x64.Build.0 = Release|Any CPU
		{8713C80D-8BB5-478A-B293-7C414C6BC1F2}.Release|x86.ActiveCfg = Release|Any CPU
		{8713C80D-8BB5-478A-B293-7C414C6BC1F2}.Release|x86.Build.0 = Release|Any CPU
		{6665A233-EC60-4CF5-BC06-1E8C6060EC17}.Debug|Any CPU.ActiveCfg = Debug|Any CPU
		{6665A233-EC60-4CF5-BC06-1E8C6060EC17}.Debug|Any CPU.Build.0 = Debug|Any CPU
		{6665A233-EC60-4CF5-BC06-1E8C6060EC17}.Debug|x64.ActiveCfg = Debug|Any CPU
		{6665A233-EC60-4CF5-BC06-1E8C6060EC17}.Debug|x64.Build.0 = Debug|Any CPU
		{6665A233-EC60-4CF5-BC06-1E8C6060EC17}.Debug|x86.ActiveCfg = Debug|Any CPU
		{6665A233-EC60-4CF5-BC06-1E8C6060EC17}.Debug|x86.Build.0 = Debug|Any CPU
		{6665A233-EC60-4CF5-BC06-1E8C6060EC17}.Release|Any CPU.ActiveCfg = Release|Any CPU
		{6665A233-EC60-4CF5-BC06-1E8C6060EC17}.Release|Any CPU.Build.0 = Release|Any CPU
		{6665A233-EC60-4CF5-BC06-1E8C6060EC17}.Release|x64.ActiveCfg = Release|Any CPU
		{6665A233-EC60-4CF5-BC06-1E8C6060EC17}.Release|x64.Build.0 = Release|Any CPU
		{6665A233-EC60-4CF5-BC06-1E8C6060EC17}.Release|x86.ActiveCfg = Release|Any CPU
		{6665A233-EC60-4CF5-BC06-1E8C6060EC17}.Release|x86.Build.0 = Release|Any CPU
		{388559C8-08AC-4DB9-9284-0DADFD87B5BD}.Debug|Any CPU.ActiveCfg = Debug|Any CPU
		{388559C8-08AC-4DB9-9284-0DADFD87B5BD}.Debug|Any CPU.Build.0 = Debug|Any CPU
		{388559C8-08AC-4DB9-9284-0DADFD87B5BD}.Debug|x64.ActiveCfg = Debug|Any CPU
		{388559C8-08AC-4DB9-9284-0DADFD87B5BD}.Debug|x64.Build.0 = Debug|Any CPU
		{388559C8-08AC-4DB9-9284-0DADFD87B5BD}.Debug|x86.ActiveCfg = Debug|Any CPU
		{388559C8-08AC-4DB9-9284-0DADFD87B5BD}.Debug|x86.Build.0 = Debug|Any CPU
		{388559C8-08AC-4DB9-9284-0DADFD87B5BD}.Release|Any CPU.ActiveCfg = Release|Any CPU
		{388559C8-08AC-4DB9-9284-0DADFD87B5BD}.Release|Any CPU.Build.0 = Release|Any CPU
		{388559C8-08AC-4DB9-9284-0DADFD87B5BD}.Release|x64.ActiveCfg = Release|Any CPU
		{388559C8-08AC-4DB9-9284-0DADFD87B5BD}.Release|x64.Build.0 = Release|Any CPU
		{388559C8-08AC-4DB9-9284-0DADFD87B5BD}.Release|x86.ActiveCfg = Release|Any CPU
		{388559C8-08AC-4DB9-9284-0DADFD87B5BD}.Release|x86.Build.0 = Release|Any CPU
		{91F3920F-87B0-46BA-9169-B30A061EDAA3}.Debug|Any CPU.ActiveCfg = Debug|Any CPU
		{91F3920F-87B0-46BA-9169-B30A061EDAA3}.Debug|Any CPU.Build.0 = Debug|Any CPU
		{91F3920F-87B0-46BA-9169-B30A061EDAA3}.Debug|x64.ActiveCfg = Debug|Any CPU
		{91F3920F-87B0-46BA-9169-B30A061EDAA3}.Debug|x64.Build.0 = Debug|Any CPU
		{91F3920F-87B0-46BA-9169-B30A061EDAA3}.Debug|x86.ActiveCfg = Debug|Any CPU
		{91F3920F-87B0-46BA-9169-B30A061EDAA3}.Debug|x86.Build.0 = Debug|Any CPU
		{91F3920F-87B0-46BA-9169-B30A061EDAA3}.Release|Any CPU.ActiveCfg = Release|Any CPU
		{91F3920F-87B0-46BA-9169-B30A061EDAA3}.Release|Any CPU.Build.0 = Release|Any CPU
		{91F3920F-87B0-46BA-9169-B30A061EDAA3}.Release|x64.ActiveCfg = Release|Any CPU
		{91F3920F-87B0-46BA-9169-B30A061EDAA3}.Release|x64.Build.0 = Release|Any CPU
		{91F3920F-87B0-46BA-9169-B30A061EDAA3}.Release|x86.ActiveCfg = Release|Any CPU
		{91F3920F-87B0-46BA-9169-B30A061EDAA3}.Release|x86.Build.0 = Release|Any CPU
		{03DDA22C-24B4-4B44-96D1-8160413DAAF4}.Debug|Any CPU.ActiveCfg = Debug|Any CPU
		{03DDA22C-24B4-4B44-96D1-8160413DAAF4}.Debug|Any CPU.Build.0 = Debug|Any CPU
		{03DDA22C-24B4-4B44-96D1-8160413DAAF4}.Debug|x64.ActiveCfg = Debug|Any CPU
		{03DDA22C-24B4-4B44-96D1-8160413DAAF4}.Debug|x64.Build.0 = Debug|Any CPU
		{03DDA22C-24B4-4B44-96D1-8160413DAAF4}.Debug|x86.ActiveCfg = Debug|Any CPU
		{03DDA22C-24B4-4B44-96D1-8160413DAAF4}.Debug|x86.Build.0 = Debug|Any CPU
		{03DDA22C-24B4-4B44-96D1-8160413DAAF4}.Release|Any CPU.ActiveCfg = Release|Any CPU
		{03DDA22C-24B4-4B44-96D1-8160413DAAF4}.Release|Any CPU.Build.0 = Release|Any CPU
		{03DDA22C-24B4-4B44-96D1-8160413DAAF4}.Release|x64.ActiveCfg = Release|Any CPU
		{03DDA22C-24B4-4B44-96D1-8160413DAAF4}.Release|x64.Build.0 = Release|Any CPU
		{03DDA22C-24B4-4B44-96D1-8160413DAAF4}.Release|x86.ActiveCfg = Release|Any CPU
		{03DDA22C-24B4-4B44-96D1-8160413DAAF4}.Release|x86.Build.0 = Release|Any CPU
		{5D1722F4-2E1F-492A-B78A-0E82AC647B47}.Debug|Any CPU.ActiveCfg = Debug|Any CPU
		{5D1722F4-2E1F-492A-B78A-0E82AC647B47}.Debug|Any CPU.Build.0 = Debug|Any CPU
		{5D1722F4-2E1F-492A-B78A-0E82AC647B47}.Debug|x64.ActiveCfg = Debug|Any CPU
		{5D1722F4-2E1F-492A-B78A-0E82AC647B47}.Debug|x64.Build.0 = Debug|Any CPU
		{5D1722F4-2E1F-492A-B78A-0E82AC647B47}.Debug|x86.ActiveCfg = Debug|Any CPU
		{5D1722F4-2E1F-492A-B78A-0E82AC647B47}.Debug|x86.Build.0 = Debug|Any CPU
		{5D1722F4-2E1F-492A-B78A-0E82AC647B47}.Release|Any CPU.ActiveCfg = Release|Any CPU
		{5D1722F4-2E1F-492A-B78A-0E82AC647B47}.Release|Any CPU.Build.0 = Release|Any CPU
		{5D1722F4-2E1F-492A-B78A-0E82AC647B47}.Release|x64.ActiveCfg = Release|Any CPU
		{5D1722F4-2E1F-492A-B78A-0E82AC647B47}.Release|x64.Build.0 = Release|Any CPU
		{5D1722F4-2E1F-492A-B78A-0E82AC647B47}.Release|x86.ActiveCfg = Release|Any CPU
		{5D1722F4-2E1F-492A-B78A-0E82AC647B47}.Release|x86.Build.0 = Release|Any CPU
		{1E0C9CB0-0E3B-4930-A8D1-1D1221414D40}.Debug|Any CPU.ActiveCfg = Debug|Any CPU
		{1E0C9CB0-0E3B-4930-A8D1-1D1221414D40}.Debug|Any CPU.Build.0 = Debug|Any CPU
		{1E0C9CB0-0E3B-4930-A8D1-1D1221414D40}.Debug|x64.ActiveCfg = Debug|Any CPU
		{1E0C9CB0-0E3B-4930-A8D1-1D1221414D40}.Debug|x64.Build.0 = Debug|Any CPU
		{1E0C9CB0-0E3B-4930-A8D1-1D1221414D40}.Debug|x86.ActiveCfg = Debug|Any CPU
		{1E0C9CB0-0E3B-4930-A8D1-1D1221414D40}.Debug|x86.Build.0 = Debug|Any CPU
		{1E0C9CB0-0E3B-4930-A8D1-1D1221414D40}.Release|Any CPU.ActiveCfg = Release|Any CPU
		{1E0C9CB0-0E3B-4930-A8D1-1D1221414D40}.Release|Any CPU.Build.0 = Release|Any CPU
		{1E0C9CB0-0E3B-4930-A8D1-1D1221414D40}.Release|x64.ActiveCfg = Release|Any CPU
		{1E0C9CB0-0E3B-4930-A8D1-1D1221414D40}.Release|x64.Build.0 = Release|Any CPU
		{1E0C9CB0-0E3B-4930-A8D1-1D1221414D40}.Release|x86.ActiveCfg = Release|Any CPU
		{1E0C9CB0-0E3B-4930-A8D1-1D1221414D40}.Release|x86.Build.0 = Release|Any CPU
		{E6E11DB6-60C7-4890-B192-1BA737557DBB}.Debug|Any CPU.ActiveCfg = Debug|Any CPU
		{E6E11DB6-60C7-4890-B192-1BA737557DBB}.Debug|Any CPU.Build.0 = Debug|Any CPU
		{E6E11DB6-60C7-4890-B192-1BA737557DBB}.Debug|x64.ActiveCfg = Debug|Any CPU
		{E6E11DB6-60C7-4890-B192-1BA737557DBB}.Debug|x64.Build.0 = Debug|Any CPU
		{E6E11DB6-60C7-4890-B192-1BA737557DBB}.Debug|x86.ActiveCfg = Debug|Any CPU
		{E6E11DB6-60C7-4890-B192-1BA737557DBB}.Debug|x86.Build.0 = Debug|Any CPU
		{E6E11DB6-60C7-4890-B192-1BA737557DBB}.Release|Any CPU.ActiveCfg = Release|Any CPU
		{E6E11DB6-60C7-4890-B192-1BA737557DBB}.Release|Any CPU.Build.0 = Release|Any CPU
		{E6E11DB6-60C7-4890-B192-1BA737557DBB}.Release|x64.ActiveCfg = Release|Any CPU
		{E6E11DB6-60C7-4890-B192-1BA737557DBB}.Release|x64.Build.0 = Release|Any CPU
		{E6E11DB6-60C7-4890-B192-1BA737557DBB}.Release|x86.ActiveCfg = Release|Any CPU
		{E6E11DB6-60C7-4890-B192-1BA737557DBB}.Release|x86.Build.0 = Release|Any CPU
		{3DD05F68-C418-419F-82B0-C41A540FCD72}.Debug|Any CPU.ActiveCfg = Debug|Any CPU
		{3DD05F68-C418-419F-82B0-C41A540FCD72}.Debug|Any CPU.Build.0 = Debug|Any CPU
		{3DD05F68-C418-419F-82B0-C41A540FCD72}.Debug|x64.ActiveCfg = Debug|Any CPU
		{3DD05F68-C418-419F-82B0-C41A540FCD72}.Debug|x64.Build.0 = Debug|Any CPU
		{3DD05F68-C418-419F-82B0-C41A540FCD72}.Debug|x86.ActiveCfg = Debug|Any CPU
		{3DD05F68-C418-419F-82B0-C41A540FCD72}.Debug|x86.Build.0 = Debug|Any CPU
		{3DD05F68-C418-419F-82B0-C41A540FCD72}.Release|Any CPU.ActiveCfg = Release|Any CPU
		{3DD05F68-C418-419F-82B0-C41A540FCD72}.Release|Any CPU.Build.0 = Release|Any CPU
		{3DD05F68-C418-419F-82B0-C41A540FCD72}.Release|x64.ActiveCfg = Release|Any CPU
		{3DD05F68-C418-419F-82B0-C41A540FCD72}.Release|x64.Build.0 = Release|Any CPU
		{3DD05F68-C418-419F-82B0-C41A540FCD72}.Release|x86.ActiveCfg = Release|Any CPU
		{3DD05F68-C418-419F-82B0-C41A540FCD72}.Release|x86.Build.0 = Release|Any CPU
		{20080A85-F714-4B04-B89F-C25F3C11C6A1}.Debug|Any CPU.ActiveCfg = Debug|Any CPU
		{20080A85-F714-4B04-B89F-C25F3C11C6A1}.Debug|Any CPU.Build.0 = Debug|Any CPU
		{20080A85-F714-4B04-B89F-C25F3C11C6A1}.Debug|x64.ActiveCfg = Debug|Any CPU
		{20080A85-F714-4B04-B89F-C25F3C11C6A1}.Debug|x64.Build.0 = Debug|Any CPU
		{20080A85-F714-4B04-B89F-C25F3C11C6A1}.Debug|x86.ActiveCfg = Debug|Any CPU
		{20080A85-F714-4B04-B89F-C25F3C11C6A1}.Debug|x86.Build.0 = Debug|Any CPU
		{20080A85-F714-4B04-B89F-C25F3C11C6A1}.Release|Any CPU.ActiveCfg = Release|Any CPU
		{20080A85-F714-4B04-B89F-C25F3C11C6A1}.Release|Any CPU.Build.0 = Release|Any CPU
		{20080A85-F714-4B04-B89F-C25F3C11C6A1}.Release|x64.ActiveCfg = Release|Any CPU
		{20080A85-F714-4B04-B89F-C25F3C11C6A1}.Release|x64.Build.0 = Release|Any CPU
		{20080A85-F714-4B04-B89F-C25F3C11C6A1}.Release|x86.ActiveCfg = Release|Any CPU
		{20080A85-F714-4B04-B89F-C25F3C11C6A1}.Release|x86.Build.0 = Release|Any CPU
		{E3F0285D-906F-4E79-8D71-8C44633AF802}.Debug|Any CPU.ActiveCfg = Debug|Any CPU
		{E3F0285D-906F-4E79-8D71-8C44633AF802}.Debug|Any CPU.Build.0 = Debug|Any CPU
		{E3F0285D-906F-4E79-8D71-8C44633AF802}.Debug|x64.ActiveCfg = Debug|Any CPU
		{E3F0285D-906F-4E79-8D71-8C44633AF802}.Debug|x64.Build.0 = Debug|Any CPU
		{E3F0285D-906F-4E79-8D71-8C44633AF802}.Debug|x86.ActiveCfg = Debug|Any CPU
		{E3F0285D-906F-4E79-8D71-8C44633AF802}.Debug|x86.Build.0 = Debug|Any CPU
		{E3F0285D-906F-4E79-8D71-8C44633AF802}.Release|Any CPU.ActiveCfg = Release|Any CPU
		{E3F0285D-906F-4E79-8D71-8C44633AF802}.Release|Any CPU.Build.0 = Release|Any CPU
		{E3F0285D-906F-4E79-8D71-8C44633AF802}.Release|x64.ActiveCfg = Release|Any CPU
		{E3F0285D-906F-4E79-8D71-8C44633AF802}.Release|x64.Build.0 = Release|Any CPU
		{E3F0285D-906F-4E79-8D71-8C44633AF802}.Release|x86.ActiveCfg = Release|Any CPU
		{E3F0285D-906F-4E79-8D71-8C44633AF802}.Release|x86.Build.0 = Release|Any CPU
		{A55A6213-8C1E-4EA6-B439-6474160F6D18}.Debug|Any CPU.ActiveCfg = Debug|Any CPU
		{A55A6213-8C1E-4EA6-B439-6474160F6D18}.Debug|Any CPU.Build.0 = Debug|Any CPU
		{A55A6213-8C1E-4EA6-B439-6474160F6D18}.Debug|x64.ActiveCfg = Debug|Any CPU
		{A55A6213-8C1E-4EA6-B439-6474160F6D18}.Debug|x64.Build.0 = Debug|Any CPU
		{A55A6213-8C1E-4EA6-B439-6474160F6D18}.Debug|x86.ActiveCfg = Debug|Any CPU
		{A55A6213-8C1E-4EA6-B439-6474160F6D18}.Debug|x86.Build.0 = Debug|Any CPU
		{A55A6213-8C1E-4EA6-B439-6474160F6D18}.Release|Any CPU.ActiveCfg = Release|Any CPU
		{A55A6213-8C1E-4EA6-B439-6474160F6D18}.Release|Any CPU.Build.0 = Release|Any CPU
		{A55A6213-8C1E-4EA6-B439-6474160F6D18}.Release|x64.ActiveCfg = Release|Any CPU
		{A55A6213-8C1E-4EA6-B439-6474160F6D18}.Release|x64.Build.0 = Release|Any CPU
		{A55A6213-8C1E-4EA6-B439-6474160F6D18}.Release|x86.ActiveCfg = Release|Any CPU
		{A55A6213-8C1E-4EA6-B439-6474160F6D18}.Release|x86.Build.0 = Release|Any CPU
		{480FB6E5-2B68-49CE-815D-2F187D4AC8BB}.Debug|Any CPU.ActiveCfg = Debug|Any CPU
		{480FB6E5-2B68-49CE-815D-2F187D4AC8BB}.Debug|Any CPU.Build.0 = Debug|Any CPU
		{480FB6E5-2B68-49CE-815D-2F187D4AC8BB}.Debug|x64.ActiveCfg = Debug|Any CPU
		{480FB6E5-2B68-49CE-815D-2F187D4AC8BB}.Debug|x64.Build.0 = Debug|Any CPU
		{480FB6E5-2B68-49CE-815D-2F187D4AC8BB}.Debug|x86.ActiveCfg = Debug|Any CPU
		{480FB6E5-2B68-49CE-815D-2F187D4AC8BB}.Debug|x86.Build.0 = Debug|Any CPU
		{480FB6E5-2B68-49CE-815D-2F187D4AC8BB}.Release|Any CPU.ActiveCfg = Release|Any CPU
		{480FB6E5-2B68-49CE-815D-2F187D4AC8BB}.Release|Any CPU.Build.0 = Release|Any CPU
		{480FB6E5-2B68-49CE-815D-2F187D4AC8BB}.Release|x64.ActiveCfg = Release|Any CPU
		{480FB6E5-2B68-49CE-815D-2F187D4AC8BB}.Release|x64.Build.0 = Release|Any CPU
		{480FB6E5-2B68-49CE-815D-2F187D4AC8BB}.Release|x86.ActiveCfg = Release|Any CPU
		{480FB6E5-2B68-49CE-815D-2F187D4AC8BB}.Release|x86.Build.0 = Release|Any CPU
		{0E9081A6-A449-4512-A4D7-D720404E5174}.Debug|Any CPU.ActiveCfg = Debug|Any CPU
		{0E9081A6-A449-4512-A4D7-D720404E5174}.Debug|Any CPU.Build.0 = Debug|Any CPU
		{0E9081A6-A449-4512-A4D7-D720404E5174}.Debug|x64.ActiveCfg = Debug|Any CPU
		{0E9081A6-A449-4512-A4D7-D720404E5174}.Debug|x64.Build.0 = Debug|Any CPU
		{0E9081A6-A449-4512-A4D7-D720404E5174}.Debug|x86.ActiveCfg = Debug|Any CPU
		{0E9081A6-A449-4512-A4D7-D720404E5174}.Debug|x86.Build.0 = Debug|Any CPU
		{0E9081A6-A449-4512-A4D7-D720404E5174}.Release|Any CPU.ActiveCfg = Release|Any CPU
		{0E9081A6-A449-4512-A4D7-D720404E5174}.Release|Any CPU.Build.0 = Release|Any CPU
		{0E9081A6-A449-4512-A4D7-D720404E5174}.Release|x64.ActiveCfg = Release|Any CPU
		{0E9081A6-A449-4512-A4D7-D720404E5174}.Release|x64.Build.0 = Release|Any CPU
		{0E9081A6-A449-4512-A4D7-D720404E5174}.Release|x86.ActiveCfg = Release|Any CPU
		{0E9081A6-A449-4512-A4D7-D720404E5174}.Release|x86.Build.0 = Release|Any CPU
		{70230501-18B2-4258-8419-141EE4416BD9}.Debug|Any CPU.ActiveCfg = Debug|Any CPU
		{70230501-18B2-4258-8419-141EE4416BD9}.Debug|Any CPU.Build.0 = Debug|Any CPU
		{70230501-18B2-4258-8419-141EE4416BD9}.Debug|x64.ActiveCfg = Debug|Any CPU
		{70230501-18B2-4258-8419-141EE4416BD9}.Debug|x64.Build.0 = Debug|Any CPU
		{70230501-18B2-4258-8419-141EE4416BD9}.Debug|x86.ActiveCfg = Debug|Any CPU
		{70230501-18B2-4258-8419-141EE4416BD9}.Debug|x86.Build.0 = Debug|Any CPU
		{70230501-18B2-4258-8419-141EE4416BD9}.Release|Any CPU.ActiveCfg = Release|Any CPU
		{70230501-18B2-4258-8419-141EE4416BD9}.Release|Any CPU.Build.0 = Release|Any CPU
		{70230501-18B2-4258-8419-141EE4416BD9}.Release|x64.ActiveCfg = Release|Any CPU
		{70230501-18B2-4258-8419-141EE4416BD9}.Release|x64.Build.0 = Release|Any CPU
		{70230501-18B2-4258-8419-141EE4416BD9}.Release|x86.ActiveCfg = Release|Any CPU
		{70230501-18B2-4258-8419-141EE4416BD9}.Release|x86.Build.0 = Release|Any CPU
		{E756334E-FBEA-47C0-8075-EDA379B7A50C}.Debug|Any CPU.ActiveCfg = Debug|Any CPU
		{E756334E-FBEA-47C0-8075-EDA379B7A50C}.Debug|Any CPU.Build.0 = Debug|Any CPU
		{E756334E-FBEA-47C0-8075-EDA379B7A50C}.Debug|x64.ActiveCfg = Debug|Any CPU
		{E756334E-FBEA-47C0-8075-EDA379B7A50C}.Debug|x64.Build.0 = Debug|Any CPU
		{E756334E-FBEA-47C0-8075-EDA379B7A50C}.Debug|x86.ActiveCfg = Debug|Any CPU
		{E756334E-FBEA-47C0-8075-EDA379B7A50C}.Debug|x86.Build.0 = Debug|Any CPU
		{E756334E-FBEA-47C0-8075-EDA379B7A50C}.Release|Any CPU.ActiveCfg = Release|Any CPU
		{E756334E-FBEA-47C0-8075-EDA379B7A50C}.Release|Any CPU.Build.0 = Release|Any CPU
		{E756334E-FBEA-47C0-8075-EDA379B7A50C}.Release|x64.ActiveCfg = Release|Any CPU
		{E756334E-FBEA-47C0-8075-EDA379B7A50C}.Release|x64.Build.0 = Release|Any CPU
		{E756334E-FBEA-47C0-8075-EDA379B7A50C}.Release|x86.ActiveCfg = Release|Any CPU
		{E756334E-FBEA-47C0-8075-EDA379B7A50C}.Release|x86.Build.0 = Release|Any CPU
		{B9C4E522-5C32-48F9-AB5B-7B5BD2E2A720}.Debug|Any CPU.ActiveCfg = Debug|Any CPU
		{B9C4E522-5C32-48F9-AB5B-7B5BD2E2A720}.Debug|Any CPU.Build.0 = Debug|Any CPU
		{B9C4E522-5C32-48F9-AB5B-7B5BD2E2A720}.Debug|x64.ActiveCfg = Debug|Any CPU
		{B9C4E522-5C32-48F9-AB5B-7B5BD2E2A720}.Debug|x64.Build.0 = Debug|Any CPU
		{B9C4E522-5C32-48F9-AB5B-7B5BD2E2A720}.Debug|x86.ActiveCfg = Debug|Any CPU
		{B9C4E522-5C32-48F9-AB5B-7B5BD2E2A720}.Debug|x86.Build.0 = Debug|Any CPU
		{B9C4E522-5C32-48F9-AB5B-7B5BD2E2A720}.Release|Any CPU.ActiveCfg = Release|Any CPU
		{B9C4E522-5C32-48F9-AB5B-7B5BD2E2A720}.Release|Any CPU.Build.0 = Release|Any CPU
		{B9C4E522-5C32-48F9-AB5B-7B5BD2E2A720}.Release|x64.ActiveCfg = Release|Any CPU
		{B9C4E522-5C32-48F9-AB5B-7B5BD2E2A720}.Release|x64.Build.0 = Release|Any CPU
		{B9C4E522-5C32-48F9-AB5B-7B5BD2E2A720}.Release|x86.ActiveCfg = Release|Any CPU
		{B9C4E522-5C32-48F9-AB5B-7B5BD2E2A720}.Release|x86.Build.0 = Release|Any CPU
		{EB52DD3F-7668-4B01-8111-74B0124AF0E4}.Debug|Any CPU.ActiveCfg = Debug|Any CPU
		{EB52DD3F-7668-4B01-8111-74B0124AF0E4}.Debug|Any CPU.Build.0 = Debug|Any CPU
		{EB52DD3F-7668-4B01-8111-74B0124AF0E4}.Debug|x64.ActiveCfg = Debug|Any CPU
		{EB52DD3F-7668-4B01-8111-74B0124AF0E4}.Debug|x64.Build.0 = Debug|Any CPU
		{EB52DD3F-7668-4B01-8111-74B0124AF0E4}.Debug|x86.ActiveCfg = Debug|Any CPU
		{EB52DD3F-7668-4B01-8111-74B0124AF0E4}.Debug|x86.Build.0 = Debug|Any CPU
		{EB52DD3F-7668-4B01-8111-74B0124AF0E4}.Release|Any CPU.ActiveCfg = Release|Any CPU
		{EB52DD3F-7668-4B01-8111-74B0124AF0E4}.Release|Any CPU.Build.0 = Release|Any CPU
		{EB52DD3F-7668-4B01-8111-74B0124AF0E4}.Release|x64.ActiveCfg = Release|Any CPU
		{EB52DD3F-7668-4B01-8111-74B0124AF0E4}.Release|x64.Build.0 = Release|Any CPU
		{EB52DD3F-7668-4B01-8111-74B0124AF0E4}.Release|x86.ActiveCfg = Release|Any CPU
		{EB52DD3F-7668-4B01-8111-74B0124AF0E4}.Release|x86.Build.0 = Release|Any CPU
		{31A78895-5844-4800-A033-7EBFD821A262}.Debug|Any CPU.ActiveCfg = Debug|Any CPU
		{31A78895-5844-4800-A033-7EBFD821A262}.Debug|Any CPU.Build.0 = Debug|Any CPU
		{31A78895-5844-4800-A033-7EBFD821A262}.Debug|x64.ActiveCfg = Debug|Any CPU
		{31A78895-5844-4800-A033-7EBFD821A262}.Debug|x64.Build.0 = Debug|Any CPU
		{31A78895-5844-4800-A033-7EBFD821A262}.Debug|x86.ActiveCfg = Debug|Any CPU
		{31A78895-5844-4800-A033-7EBFD821A262}.Debug|x86.Build.0 = Debug|Any CPU
		{31A78895-5844-4800-A033-7EBFD821A262}.Release|Any CPU.ActiveCfg = Release|Any CPU
		{31A78895-5844-4800-A033-7EBFD821A262}.Release|Any CPU.Build.0 = Release|Any CPU
		{31A78895-5844-4800-A033-7EBFD821A262}.Release|x64.ActiveCfg = Release|Any CPU
		{31A78895-5844-4800-A033-7EBFD821A262}.Release|x64.Build.0 = Release|Any CPU
		{31A78895-5844-4800-A033-7EBFD821A262}.Release|x86.ActiveCfg = Release|Any CPU
		{31A78895-5844-4800-A033-7EBFD821A262}.Release|x86.Build.0 = Release|Any CPU
		{2F315D5F-7C10-42DE-88A7-412C4C89A59A}.Debug|Any CPU.ActiveCfg = Debug|Any CPU
		{2F315D5F-7C10-42DE-88A7-412C4C89A59A}.Debug|Any CPU.Build.0 = Debug|Any CPU
		{2F315D5F-7C10-42DE-88A7-412C4C89A59A}.Debug|x64.ActiveCfg = Debug|Any CPU
		{2F315D5F-7C10-42DE-88A7-412C4C89A59A}.Debug|x64.Build.0 = Debug|Any CPU
		{2F315D5F-7C10-42DE-88A7-412C4C89A59A}.Debug|x86.ActiveCfg = Debug|Any CPU
		{2F315D5F-7C10-42DE-88A7-412C4C89A59A}.Debug|x86.Build.0 = Debug|Any CPU
		{2F315D5F-7C10-42DE-88A7-412C4C89A59A}.Release|Any CPU.ActiveCfg = Release|Any CPU
		{2F315D5F-7C10-42DE-88A7-412C4C89A59A}.Release|Any CPU.Build.0 = Release|Any CPU
		{2F315D5F-7C10-42DE-88A7-412C4C89A59A}.Release|x64.ActiveCfg = Release|Any CPU
		{2F315D5F-7C10-42DE-88A7-412C4C89A59A}.Release|x64.Build.0 = Release|Any CPU
		{2F315D5F-7C10-42DE-88A7-412C4C89A59A}.Release|x86.ActiveCfg = Release|Any CPU
		{2F315D5F-7C10-42DE-88A7-412C4C89A59A}.Release|x86.Build.0 = Release|Any CPU
		{DAA0D26D-3311-4647-8887-2969486AD303}.Debug|Any CPU.ActiveCfg = Debug|Any CPU
		{DAA0D26D-3311-4647-8887-2969486AD303}.Debug|Any CPU.Build.0 = Debug|Any CPU
		{DAA0D26D-3311-4647-8887-2969486AD303}.Debug|x64.ActiveCfg = Debug|Any CPU
		{DAA0D26D-3311-4647-8887-2969486AD303}.Debug|x64.Build.0 = Debug|Any CPU
		{DAA0D26D-3311-4647-8887-2969486AD303}.Debug|x86.ActiveCfg = Debug|Any CPU
		{DAA0D26D-3311-4647-8887-2969486AD303}.Debug|x86.Build.0 = Debug|Any CPU
		{DAA0D26D-3311-4647-8887-2969486AD303}.Release|Any CPU.ActiveCfg = Release|Any CPU
		{DAA0D26D-3311-4647-8887-2969486AD303}.Release|Any CPU.Build.0 = Release|Any CPU
		{DAA0D26D-3311-4647-8887-2969486AD303}.Release|x64.ActiveCfg = Release|Any CPU
		{DAA0D26D-3311-4647-8887-2969486AD303}.Release|x64.Build.0 = Release|Any CPU
		{DAA0D26D-3311-4647-8887-2969486AD303}.Release|x86.ActiveCfg = Release|Any CPU
		{DAA0D26D-3311-4647-8887-2969486AD303}.Release|x86.Build.0 = Release|Any CPU
		{FFC56698-A60F-4699-9C94-3A7B824628EF}.Debug|Any CPU.ActiveCfg = Debug|Any CPU
		{FFC56698-A60F-4699-9C94-3A7B824628EF}.Debug|Any CPU.Build.0 = Debug|Any CPU
		{FFC56698-A60F-4699-9C94-3A7B824628EF}.Debug|x64.ActiveCfg = Debug|Any CPU
		{FFC56698-A60F-4699-9C94-3A7B824628EF}.Debug|x64.Build.0 = Debug|Any CPU
		{FFC56698-A60F-4699-9C94-3A7B824628EF}.Debug|x86.ActiveCfg = Debug|Any CPU
		{FFC56698-A60F-4699-9C94-3A7B824628EF}.Debug|x86.Build.0 = Debug|Any CPU
		{FFC56698-A60F-4699-9C94-3A7B824628EF}.Release|Any CPU.ActiveCfg = Release|Any CPU
		{FFC56698-A60F-4699-9C94-3A7B824628EF}.Release|Any CPU.Build.0 = Release|Any CPU
		{FFC56698-A60F-4699-9C94-3A7B824628EF}.Release|x64.ActiveCfg = Release|Any CPU
		{FFC56698-A60F-4699-9C94-3A7B824628EF}.Release|x64.Build.0 = Release|Any CPU
		{FFC56698-A60F-4699-9C94-3A7B824628EF}.Release|x86.ActiveCfg = Release|Any CPU
		{FFC56698-A60F-4699-9C94-3A7B824628EF}.Release|x86.Build.0 = Release|Any CPU
		{C0725F65-EAD7-4181-A903-4664E4B3E2F6}.Debug|Any CPU.ActiveCfg = Debug|Any CPU
		{C0725F65-EAD7-4181-A903-4664E4B3E2F6}.Debug|Any CPU.Build.0 = Debug|Any CPU
		{C0725F65-EAD7-4181-A903-4664E4B3E2F6}.Debug|x64.ActiveCfg = Debug|Any CPU
		{C0725F65-EAD7-4181-A903-4664E4B3E2F6}.Debug|x64.Build.0 = Debug|Any CPU
		{C0725F65-EAD7-4181-A903-4664E4B3E2F6}.Debug|x86.ActiveCfg = Debug|Any CPU
		{C0725F65-EAD7-4181-A903-4664E4B3E2F6}.Debug|x86.Build.0 = Debug|Any CPU
		{C0725F65-EAD7-4181-A903-4664E4B3E2F6}.Release|Any CPU.ActiveCfg = Release|Any CPU
		{C0725F65-EAD7-4181-A903-4664E4B3E2F6}.Release|Any CPU.Build.0 = Release|Any CPU
		{C0725F65-EAD7-4181-A903-4664E4B3E2F6}.Release|x64.ActiveCfg = Release|Any CPU
		{C0725F65-EAD7-4181-A903-4664E4B3E2F6}.Release|x64.Build.0 = Release|Any CPU
		{C0725F65-EAD7-4181-A903-4664E4B3E2F6}.Release|x86.ActiveCfg = Release|Any CPU
		{C0725F65-EAD7-4181-A903-4664E4B3E2F6}.Release|x86.Build.0 = Release|Any CPU
	EndGlobalSection
	GlobalSection(SolutionProperties) = preSolution
		HideSolutionNode = FALSE
	EndGlobalSection
	GlobalSection(NestedProjects) = preSolution
		{E0A250DE-A99C-56CD-9C1C-D3D9C93A55B1} = {2DBF0863-E36C-BE8B-CDB4-B3B48F1BCDB9}
		{C0BD12E2-BF3C-4D7D-A604-E998C6578454} = {E0A250DE-A99C-56CD-9C1C-D3D9C93A55B1}
		{8F5760D8-B031-E037-2C72-35D4A78959A1} = {2DBF0863-E36C-BE8B-CDB4-B3B48F1BCDB9}
		{DB9721EE-4895-47FA-8DF2-B903BA9F2448} = {8F5760D8-B031-E037-2C72-35D4A78959A1}
		{E7B3CC45-BFDF-96EB-3D4E-359831DD237F} = {FF5B9530-63B5-86EF-4321-C9426B946D02}
		{4B7D9607-1637-4F25-B7D8-C5DC2A53C379} = {E7B3CC45-BFDF-96EB-3D4E-359831DD237F}
		{22F65941-796B-D453-DA2E-161FFBE646D3} = {FF5B9530-63B5-86EF-4321-C9426B946D02}
		{344B10E6-0AA3-4FC7-9159-22F48EDABC88} = {22F65941-796B-D453-DA2E-161FFBE646D3}
		{4BF4FCCA-ECE4-49C5-0DD0-6EB8D9296659} = {D66CDC98-7E23-A367-B4C4-1010061B5503}
		{15EACAA6-B015-44F1-9495-101BE79E7C1C} = {4BF4FCCA-ECE4-49C5-0DD0-6EB8D9296659}
		{0A251FE5-B3B4-DD64-CB19-E34D2CD6C30B} = {D66CDC98-7E23-A367-B4C4-1010061B5503}
		{AFAFEF88-E364-4654-820D-C75C38CFE284} = {0A251FE5-B3B4-DD64-CB19-E34D2CD6C30B}
		{BD0931E0-985E-A5AB-F3C6-042D229ED1A2} = {01B2D543-819E-CBBE-C12E-45A96F8621CC}
		{97FE433D-E529-4B8A-A20E-C1679061D567} = {BD0931E0-985E-A5AB-F3C6-042D229ED1A2}
		{12002B66-6DE3-C93C-E4EF-1D87B24AFB76} = {01B2D543-819E-CBBE-C12E-45A96F8621CC}
		{E5683171-7CC4-440B-8E74-005BB1C00BDA} = {12002B66-6DE3-C93C-E4EF-1D87B24AFB76}
		{451F05DE-2E27-0D85-3098-BEE0B990B93F} = {374ECBD9-BFF7-2329-FD71-79327E38DD3C}
		{16DDF914-27E6-4AD2-A11C-94F297E45D5A} = {451F05DE-2E27-0D85-3098-BEE0B990B93F}
		{C65E0021-8D88-D943-8884-A30E6EA51D91} = {374ECBD9-BFF7-2329-FD71-79327E38DD3C}
		{ACBE355D-9F78-46D9-BFF7-AE2F116D6F5D} = {C65E0021-8D88-D943-8884-A30E6EA51D91}
		{741893F8-50B8-052B-1754-CD5DE3715617} = {E4B81288-DF90-7977-8EA0-B64E2EDAF8D9}
		{F47DD84F-03D5-4124-A86D-9D20F4FA74B3} = {741893F8-50B8-052B-1754-CD5DE3715617}
		{FC86D020-DC35-1FEE-85D0-D2E86DB925BD} = {E4B81288-DF90-7977-8EA0-B64E2EDAF8D9}
		{01C86B6F-840E-415C-8D2A-398BDA5F0F09} = {FC86D020-DC35-1FEE-85D0-D2E86DB925BD}
		{4AFEB3E0-707A-0431-E857-E6DE4D258204} = {584D4B41-F610-10C8-8CEF-FCA11C0444F8}
		{6F7B3E6F-390F-4A6A-A943-5E7520BBE2A7} = {4AFEB3E0-707A-0431-E857-E6DE4D258204}
		{B1258938-7151-0FAB-C38C-7023778166AD} = {584D4B41-F610-10C8-8CEF-FCA11C0444F8}
		{48B05FFA-90DA-4CFA-BFBF-CBAA386BA9FE} = {B1258938-7151-0FAB-C38C-7023778166AD}
		{FEBE2442-D0BA-AA21-7CA3-86C926250B44} = {B2130A19-34DF-9F87-79FD-B787B321CFF4}
		{C5D5F6E8-1FAE-4146-925D-D9DE71511EF1} = {FEBE2442-D0BA-AA21-7CA3-86C926250B44}
		{02D21BC7-9A67-5495-5BE2-F927121ADE20} = {B2130A19-34DF-9F87-79FD-B787B321CFF4}
		{5B84111F-D5ED-4DF8-8943-DFA48ADE85C0} = {02D21BC7-9A67-5495-5BE2-F927121ADE20}
		{95CC1115-5674-B6EE-BA9A-DE53F9428FD8} = {DCD904CD-E14E-359B-F2F3-890A01663964}
		{1A151ABA-BF97-42A4-AC56-CB8A87B3C134} = {95CC1115-5674-B6EE-BA9A-DE53F9428FD8}
		{70E2527D-7BBF-312B-6920-27462A977D3C} = {DCD904CD-E14E-359B-F2F3-890A01663964}
		{01026736-A6A0-49CE-BF36-00B8BB00BB66} = {70E2527D-7BBF-312B-6920-27462A977D3C}
		{92B878B9-4EA9-8335-9C2A-D2CF10421730} = {CFAE858B-737D-A560-D647-F74D61223926}
		{30EF5DE8-C939-4FE2-8177-48B98243769A} = {92B878B9-4EA9-8335-9C2A-D2CF10421730}
		{11450624-CD92-3FD5-D2E5-EAC7FD76701F} = {CFAE858B-737D-A560-D647-F74D61223926}
		{825EFE04-698B-440C-92F7-2CFF3DFFE557} = {11450624-CD92-3FD5-D2E5-EAC7FD76701F}
		{3E03EC3D-FC8B-6A8F-204F-CC34A45DFC75} = {523981E6-1A9B-29C2-8955-03F80EA9CECE}
		{BEF93731-80F4-4442-9132-0A4790A6CE4D} = {3E03EC3D-FC8B-6A8F-204F-CC34A45DFC75}
		{FC7FB81E-9746-62A2-5C0D-15BE7AADF519} = {523981E6-1A9B-29C2-8955-03F80EA9CECE}
		{4CACEB06-2F55-44A9-98D1-E44DC97A2459} = {FC7FB81E-9746-62A2-5C0D-15BE7AADF519}
		{93EED549-C07C-3A5E-FF4A-3B2786B43995} = {B2E15735-01A4-C44F-D890-3CD4225E0014}
		{1807E692-09FE-4C34-906B-EAD96E6500C9} = {93EED549-C07C-3A5E-FF4A-3B2786B43995}
		{A9F743B9-6D76-128B-A303-46E76E3506AB} = {B2E15735-01A4-C44F-D890-3CD4225E0014}
		{8713C80D-8BB5-478A-B293-7C414C6BC1F2} = {A9F743B9-6D76-128B-A303-46E76E3506AB}
		{329886E1-B248-31E5-7801-64E3EE116294} = {F23823C4-CED7-32FC-A10D-C44AC1D9DB61}
		{6665A233-EC60-4CF5-BC06-1E8C6060EC17} = {329886E1-B248-31E5-7801-64E3EE116294}
		{C2B9C1D3-FCAE-8451-D565-49DFE1EA5A70} = {F23823C4-CED7-32FC-A10D-C44AC1D9DB61}
		{388559C8-08AC-4DB9-9284-0DADFD87B5BD} = {C2B9C1D3-FCAE-8451-D565-49DFE1EA5A70}
		{0F52F209-E885-DE69-A329-D345F8579310} = {456253B5-9576-B969-D3D1-BE8549A9DECE}
		{91F3920F-87B0-46BA-9169-B30A061EDAA3} = {0F52F209-E885-DE69-A329-D345F8579310}
		{E60353E3-8E5A-7FD7-F472-E960AF86C570} = {456253B5-9576-B969-D3D1-BE8549A9DECE}
		{03DDA22C-24B4-4B44-96D1-8160413DAAF4} = {E60353E3-8E5A-7FD7-F472-E960AF86C570}
		{59942CBA-E7C7-F7CF-2012-5F7598AD572A} = {F9FD49F1-5ED7-A6D4-0808-56CD60238233}
		{5D1722F4-2E1F-492A-B78A-0E82AC647B47} = {59942CBA-E7C7-F7CF-2012-5F7598AD572A}
		{4DAA2541-3E57-8B56-6351-E8C3BD2DF0BA} = {F9FD49F1-5ED7-A6D4-0808-56CD60238233}
		{1E0C9CB0-0E3B-4930-A8D1-1D1221414D40} = {4DAA2541-3E57-8B56-6351-E8C3BD2DF0BA}
		{D3CA4F06-6053-FC54-CFF3-84409929B9ED} = {BB484A15-0171-648D-1643-756F2214E3E3}
		{E6E11DB6-60C7-4890-B192-1BA737557DBB} = {D3CA4F06-6053-FC54-CFF3-84409929B9ED}
		{CCD241E0-E23E-F486-7423-3812B9F0F660} = {BB484A15-0171-648D-1643-756F2214E3E3}
		{3DD05F68-C418-419F-82B0-C41A540FCD72} = {CCD241E0-E23E-F486-7423-3812B9F0F660}
		{112F9F44-AC39-A3F1-8E1D-5252C3E08207} = {AB6F880E-B272-C7D6-716D-EDB96C697B1F}
		{20080A85-F714-4B04-B89F-C25F3C11C6A1} = {112F9F44-AC39-A3F1-8E1D-5252C3E08207}
		{BEF76B3D-4FA4-D948-EC40-3EEA0B00D3A8} = {AB6F880E-B272-C7D6-716D-EDB96C697B1F}
		{E3F0285D-906F-4E79-8D71-8C44633AF802} = {BEF76B3D-4FA4-D948-EC40-3EEA0B00D3A8}
		{82ED66E2-3DB0-E953-ABE9-2E6F8DA54533} = {09E98A9E-83CF-294E-EAFE-5EFE342AACE9}
		{A55A6213-8C1E-4EA6-B439-6474160F6D18} = {82ED66E2-3DB0-E953-ABE9-2E6F8DA54533}
		{014196C8-CF64-6EA9-43BF-D25A5CCEBCAC} = {09E98A9E-83CF-294E-EAFE-5EFE342AACE9}
		{480FB6E5-2B68-49CE-815D-2F187D4AC8BB} = {014196C8-CF64-6EA9-43BF-D25A5CCEBCAC}
		{79D88C79-ABEF-D605-D72F-99DFD274527F} = {01623582-307E-A083-3F6B-4CA9532B70E2}
		{0E9081A6-A449-4512-A4D7-D720404E5174} = {79D88C79-ABEF-D605-D72F-99DFD274527F}
		{5EC1E728-06BE-22F3-3CD1-7D9C712F4389} = {01623582-307E-A083-3F6B-4CA9532B70E2}
		{70230501-18B2-4258-8419-141EE4416BD9} = {5EC1E728-06BE-22F3-3CD1-7D9C712F4389}
		{DBE55A20-3B87-30B0-2098-9C10163C3114} = {3DC65E9F-2620-6B2A-51E7-497DB8554695}
		{E756334E-FBEA-47C0-8075-EDA379B7A50C} = {DBE55A20-3B87-30B0-2098-9C10163C3114}
		{787FE41E-B3D1-5914-0EF7-64F842990F68} = {3DC65E9F-2620-6B2A-51E7-497DB8554695}
		{B9C4E522-5C32-48F9-AB5B-7B5BD2E2A720} = {787FE41E-B3D1-5914-0EF7-64F842990F68}
		{AED3592F-79F2-380D-CBC1-F4F9628657BE} = {54A47994-D653-0ADA-08F1-7CFCF6DB8CDA}
		{EB52DD3F-7668-4B01-8111-74B0124AF0E4} = {AED3592F-79F2-380D-CBC1-F4F9628657BE}
		{1C007CF6-890D-C302-D5F2-F4612AC39215} = {54A47994-D653-0ADA-08F1-7CFCF6DB8CDA}
		{31A78895-5844-4800-A033-7EBFD821A262} = {1C007CF6-890D-C302-D5F2-F4612AC39215}
		{4FDA1729-ADCB-9295-DEFB-725203130A9D} = {FBCB9342-01CE-6489-BE2B-9F83A129B568}
		{2F315D5F-7C10-42DE-88A7-412C4C89A59A} = {4FDA1729-ADCB-9295-DEFB-725203130A9D}
		{ED089887-1B54-EDBB-8A35-59E6C0D2A1F4} = {FBCB9342-01CE-6489-BE2B-9F83A129B568}
		{DAA0D26D-3311-4647-8887-2969486AD303} = {ED089887-1B54-EDBB-8A35-59E6C0D2A1F4}
		{25243B44-6FAC-8209-4B37-4E70C1773A3E} = {6F3CA0F5-AA38-2A05-6DE4-85D9C3DA03AD}
		{FFC56698-A60F-4699-9C94-3A7B824628EF} = {25243B44-6FAC-8209-4B37-4E70C1773A3E}
		{4C07C35B-2059-547F-4021-D5FDFF5A6817} = {6F3CA0F5-AA38-2A05-6DE4-85D9C3DA03AD}
		{C0725F65-EAD7-4181-A903-4664E4B3E2F6} = {4C07C35B-2059-547F-4021-D5FDFF5A6817}
	EndGlobalSection
EndGlobal
