<Solution>
  <Folder Name="/Day01-CSharp-Memory/" />
  <Folder Name="/Day01-CSharp-Memory/src/">
    <Project Path="Day01-CSharp-Memory/src/Day01.MemoryLab/Day01.MemoryLab.csproj" />
  </Folder>
  <Folder Name="/Day01-CSharp-Memory/tests/">
    <Project Path="Day01-CSharp-Memory/tests/Day01.MemoryLab.Tests/Day01.MemoryLab.Tests.csproj" />
  </Folder>
  <Folder Name="/Day02-RefStruct-Memory/" />
  <Folder Name="/Day02-RefStruct-Memory/src/">
    <Project Path="Day02-RefStruct-Memory/src/Day02.RefStructMemory/Day02.RefStructMemory.csproj" />
  </Folder>
  <Folder Name="/Day02-RefStruct-Memory/tests/">
    <Project Path="Day02-RefStruct-Memory/tests/Day02.RefStructMemory.Tests/Day02.RefStructMemory.Tests.csproj" />
  </Folder>
  <Folder Name="/Day03-Async-Await/" />
  <Folder Name="/Day03-Async-Await/src/">
    <Project Path="Day03-Async-Await/src/Day03.AsyncStateMachine/Day03.AsyncStateMachine.csproj" />
  </Folder>
  <Folder Name="/Day03-Async-Await/tests/">
    <Project Path="Day03-Async-Await/tests/Day03.AsyncStateMachine.Tests/Day03.AsyncStateMachine.Tests.csproj" />
  </Folder>
  <Folder Name="/Day04-Garbage-Collection/" />
  <Folder Name="/Day04-Garbage-Collection/src/">
    <Project Path="Day04-Garbage-Collection/src/Day04.GarbageCollection/Day04.GarbageCollection.csproj" />
  </Folder>
  <Folder Name="/Day04-Garbage-Collection/tests/">
    <Project Path="Day04-Garbage-Collection/tests/Day04.GarbageCollection.Tests/Day04.GarbageCollection.Tests.csproj" />
  </Folder>
  <Folder Name="/Day05-Middleware-Kestrel/" />
  <Folder Name="/Day05-Middleware-Kestrel/src/">
    <Project Path="Day05-Middleware-Kestrel/src/Day05.MiddlewareApi/Day05.MiddlewareApi.csproj" />
  </Folder>
  <Folder Name="/Day05-Middleware-Kestrel/tests/">
    <Project Path="Day05-Middleware-Kestrel/tests/Day05.MiddlewareApi.Tests/Day05.MiddlewareApi.Tests.csproj" />
  </Folder>
  <Folder Name="/Day06-Dependency-Injection/" />
  <Folder Name="/Day06-Dependency-Injection/src/">
    <Project Path="Day06-Dependency-Injection/src/Day06.DependencyInjection/Day06.DependencyInjection.csproj" />
  </Folder>
  <Folder Name="/Day06-Dependency-Injection/tests/">
    <Project Path="Day06-Dependency-Injection/tests/Day06.DependencyInjection.Tests/Day06.DependencyInjection.Tests.csproj" />
  </Folder>
  <Folder Name="/Day07-Minimal-APIs/" />
  <Folder Name="/Day07-Minimal-APIs/src/">
    <Project Path="Day07-Minimal-APIs/src/Day07.MinimalApi/Day07.MinimalApi.csproj" />
  </Folder>
  <Folder Name="/Day07-Minimal-APIs/tests/">
    <Project Path="Day07-Minimal-APIs/tests/Day07.MinimalApi.Tests/Day07.MinimalApi.Tests.csproj" />
  </Folder>
  <Folder Name="/Day08-SQL-Indexes/" />
  <Folder Name="/Day08-SQL-Indexes/src/">
    <Project Path="Day08-SQL-Indexes/src/Day08.SqlIndexes/Day08.SqlIndexes.csproj" />
  </Folder>
  <Folder Name="/Day08-SQL-Indexes/tests/">
    <Project Path="Day08-SQL-Indexes/tests/Day08.SqlIndexes.Tests/Day08.SqlIndexes.Tests.csproj" />
  </Folder>
  <Folder Name="/Day09-SQL-Execution-Plans/" />
  <Folder Name="/Day09-SQL-Execution-Plans/src/">
    <Project Path="Day09-SQL-Execution-Plans/src/Day09.SqlExecutionPlans/Day09.SqlExecutionPlans.csproj" />
  </Folder>
  <Folder Name="/Day09-SQL-Execution-Plans/tests/">
    <Project Path="Day09-SQL-Execution-Plans/tests/Day09.SqlExecutionPlans.Tests/Day09.SqlExecutionPlans.Tests.csproj" />
  </Folder>
  <Folder Name="/Day10-Transactions-ACID/" />
  <Folder Name="/Day10-Transactions-ACID/src/">
    <Project Path="Day10-Transactions-ACID/src/Day10.TransactionsAcid/Day10.TransactionsAcid.csproj" />
  </Folder>
  <Folder Name="/Day10-Transactions-ACID/tests/">
    <Project Path="Day10-Transactions-ACID/tests/Day10.TransactionsAcid.Tests/Day10.TransactionsAcid.Tests.csproj" />
  </Folder>
  <Folder Name="/Day11-EFCore-ChangeTracking/" />
  <Folder Name="/Day11-EFCore-ChangeTracking/src/">
    <Project Path="Day11-EFCore-ChangeTracking/src/Day11.EfCoreTracking/Day11.EfCoreTracking.csproj" />
  </Folder>
  <Folder Name="/Day11-EFCore-ChangeTracking/tests/">
    <Project Path="Day11-EFCore-ChangeTracking/tests/Day11.EfCoreTracking.Tests/Day11.EfCoreTracking.Tests.csproj" />
  </Folder>
  <Folder Name="/Day12-EFCore-SplitQueries-Interceptors/" />
  <Folder Name="/Day12-EFCore-SplitQueries-Interceptors/src/">
    <Project Path="Day12-EFCore-SplitQueries-Interceptors/src/Day12.SplitQueriesInterceptors/Day12.SplitQueriesInterceptors.csproj" />
  </Folder>
  <Folder Name="/Day12-EFCore-SplitQueries-Interceptors/tests/">
    <Project Path="Day12-EFCore-SplitQueries-Interceptors/tests/Day12.SplitQueriesInterceptors.Tests/Day12.SplitQueriesInterceptors.Tests.csproj" />
  </Folder>
  <Folder Name="/Day13-Dapper-Performance/" />
  <Folder Name="/Day13-Dapper-Performance/src/">
    <Project Path="Day13-Dapper-Performance/src/Day13.DapperPerformance/Day13.DapperPerformance.csproj" />
  </Folder>
  <Folder Name="/Day13-Dapper-Performance/tests/">
    <Project Path="Day13-Dapper-Performance/tests/Day13.DapperPerformance.Tests/Day13.DapperPerformance.Tests.csproj" />
  </Folder>
  <Folder Name="/Day14-EFCore-Migrations-Production/" />
  <Folder Name="/Day14-EFCore-Migrations-Production/src/">
    <Project Path="Day14-EFCore-Migrations-Production/src/Day14.EfCoreMigrations/Day14.EfCoreMigrations.csproj" />
  </Folder>
  <Folder Name="/Day14-EFCore-Migrations-Production/tests/">
    <Project Path="Day14-EFCore-Migrations-Production/tests/Day14.EfCoreMigrations.Tests/Day14.EfCoreMigrations.Tests.csproj" />
  </Folder>
  <Folder Name="/Day15-Channels-Concurrency/" />
  <Folder Name="/Day15-Channels-Concurrency/src/">
    <Project Path="Day15-Channels-Concurrency/src/Day15.ChannelsConcurrency/Day15.ChannelsConcurrency.csproj" />
  </Folder>
  <Folder Name="/Day15-Channels-Concurrency/tests/">
    <Project Path="Day15-Channels-Concurrency/tests/Day15.ChannelsConcurrency.Tests/Day15.ChannelsConcurrency.Tests.csproj" />
  </Folder>
  <Folder Name="/Day16-Synchronization-Locks/" />
  <Folder Name="/Day16-Synchronization-Locks/src/">
    <Project Path="Day16-Synchronization-Locks/src/Day16.SynchronizationLocks/Day16.SynchronizationLocks.csproj" />
  </Folder>
  <Folder Name="/Day16-Synchronization-Locks/tests/">
    <Project Path="Day16-Synchronization-Locks/tests/Day16.SynchronizationLocks.Tests/Day16.SynchronizationLocks.Tests.csproj" />
  </Folder>
  <Folder Name="/Day17-Redis-Cache-Patterns/" />
  <Folder Name="/Day17-Redis-Cache-Patterns/src/">
    <Project Path="Day17-Redis-Cache-Patterns/src/Day17.RedisCachePatterns/Day17.RedisCachePatterns.csproj" />
  </Folder>
  <Folder Name="/Day17-Redis-Cache-Patterns/tests/">
    <Project Path="Day17-Redis-Cache-Patterns/tests/Day17.RedisCachePatterns.Tests/Day17.RedisCachePatterns.Tests.csproj" />
  </Folder>
  <Folder Name="/Day18-Redis-DataStructures-Eviction/" />
  <Folder Name="/Day18-Redis-DataStructures-Eviction/src/">
    <Project Path="Day18-Redis-DataStructures-Eviction/src/Day18.RedisDataStructures/Day18.RedisDataStructures.csproj" />
  </Folder>
  <Folder Name="/Day18-Redis-DataStructures-Eviction/tests/">
    <Project Path="Day18-Redis-DataStructures-Eviction/tests/Day18.RedisDataStructures.Tests/Day18.RedisDataStructures.Tests.csproj" />
  </Folder>
  <Folder Name="/Day19-Redis-RedLock-DistributedLocking/" />
  <Folder Name="/Day19-Redis-RedLock-DistributedLocking/src/">
    <Project Path="Day19-Redis-RedLock-DistributedLocking/src/Day19.RedisRedLock/Day19.RedisRedLock.csproj" />
  </Folder>
  <Folder Name="/Day19-Redis-RedLock-DistributedLocking/tests/">
    <Project Path="Day19-Redis-RedLock-DistributedLocking/tests/Day19.RedisRedLock.Tests/Day19.RedisRedLock.Tests.csproj" />
  </Folder>
  <Folder Name="/Day20-Redis-Streams-PubSub/" />
  <Folder Name="/Day20-Redis-Streams-PubSub/src/">
    <Project Path="Day20-Redis-Streams-PubSub/src/Day20.RedisStreams/Day20.RedisStreams.csproj" />
  </Folder>
  <Folder Name="/Day20-Redis-Streams-PubSub/tests/">
    <Project Path="Day20-Redis-Streams-PubSub/tests/Day20.RedisStreams.Tests/Day20.RedisStreams.Tests.csproj" />
  </Folder>
  <Folder Name="/Day21-Distributed-Cache-Architecture/" />
  <Folder Name="/Day21-Distributed-Cache-Architecture/src/">
    <Project Path="Day21-Distributed-Cache-Architecture/src/Day21.DistributedCache/Day21.DistributedCache.csproj" />
  </Folder>
  <Folder Name="/Day21-Distributed-Cache-Architecture/tests/">
    <Project Path="Day21-Distributed-Cache-Architecture/tests/Day21.DistributedCache.Tests/Day21.DistributedCache.Tests.csproj" />
  </Folder>
  <Folder Name="/Day22-Rate-Limiter-Design/" />
  <Folder Name="/Day22-Rate-Limiter-Design/src/">
    <Project Path="Day22-Rate-Limiter-Design/src/Day22.RateLimiter/Day22.RateLimiter.csproj" />
  </Folder>
  <Folder Name="/Day22-Rate-Limiter-Design/tests/">
    <Project Path="Day22-Rate-Limiter-Design/tests/Day22.RateLimiter.Tests/Day22.RateLimiter.Tests.csproj" />
  </Folder>
  <Folder Name="/Day23-Url-Shortener-TinyUrl/" />
  <Folder Name="/Day23-Url-Shortener-TinyUrl/src/">
    <Project Path="Day23-Url-Shortener-TinyUrl/src/Day23.TinyUrl/Day23.TinyUrl.csproj" />
  </Folder>
  <Folder Name="/Day23-Url-Shortener-TinyUrl/tests/">
    <Project Path="Day23-Url-Shortener-TinyUrl/tests/Day23.TinyUrl.Tests/Day23.TinyUrl.Tests.csproj" />
  </Folder>
</Solution>
